// !$*UTF8*$!
{
	archiveVersion = 1;
	classes = {
	};
	objectVersion = 56;
	objects = {

/* Begin PBXBuildFile section */
		FACFF14529B35B7400E6B193 /* AppDelegate.swift in Sources */ = {isa = PBXBuildFile; fileRef = FACFF14429B35B7400E6B193 /* AppDelegate.swift */; };
		FACFF14729B35B7400E6B193 /* SceneDelegate.swift in Sources */ = {isa = PBXBuildFile; fileRef = FACFF14629B35B7400E6B193 /* SceneDelegate.swift */; };
		FACFF14929B35B7400E6B193 /* ViewController.swift in Sources */ = {isa = PBXBuildFile; fileRef = FACFF14829B35B7400E6B193 /* ViewController.swift */; };
		FACFF14C29B35B7400E6B193 /* Main.storyboard in Resources */ = {isa = PBXBuildFile; fileRef = FACFF14A29B35B7400E6B193 /* Main.storyboard */; };
		FACFF14E29B35B7600E6B193 /* Assets.xcassets in Resources */ = {isa = PBXBuildFile; fileRef = FACFF14D29B35B7600E6B193 /* Assets.xcassets */; };
		FACFF15129B35B7600E6B193 /* LaunchScreen.storyboard in Resources */ = {isa = PBXBuildFile; fileRef = FACFF14F29B35B7600E6B193 /* LaunchScreen.storyboard */; };
		FACFF15C29B35B7700E6B193 /* Mobven_ProjectTests.swift in Sources */ = {isa = PBXBuildFile; fileRef = FACFF15B29B35B7700E6B193 /* Mobven_ProjectTests.swift */; };
		FACFF16629B35B7700E6B193 /* Mobven_ProjectUITests.swift in Sources */ = {isa = PBXBuildFile; fileRef = FACFF16529B35B7700E6B193 /* Mobven_ProjectUITests.swift */; };
		FACFF16829B35B7700E6B193 /* Mobven_ProjectUITestsLaunchTests.swift in Sources */ = {isa = PBXBuildFile; fileRef = FACFF16729B35B7700E6B193 /* Mobven_ProjectUITestsLaunchTests.swift */; };
/* End PBXBuildFile section */

/* Begin PBXContainerItemProxy section */
		FACFF15829B35B7600E6B193 /* PBXContainerItemProxy */ = {
			isa = PBXContainerItemProxy;
			containerPortal = FACFF13929B35B7400E6B193 /* Project object */;
			proxyType = 1;
			remoteGlobalIDString = FACFF14029B35B7400E6B193;
			remoteInfo = "Mobven-Project";
		};
		FACFF16229B35B7700E6B193 /* PBXContainerItemProxy */ = {
			isa = PBXContainerItemProxy;
			containerPortal = FACFF13929B35B7400E6B193 /* Project object */;
			proxyType = 1;
			remoteGlobalIDString = FACFF14029B35B7400E6B193;
			remoteInfo = "Mobven-Project";
		};
/* End PBXContainerItemProxy section */

/* Begin PBXFileReference section */
		FACFF14129B35B7400E6B193 /* MobvenDev.app */ = {isa = PBXFileReference; explicitFileType = wrapper.application; includeInIndex = 0; path = MobvenDev.app; sourceTree = BUILT_PRODUCTS_DIR; };
		FACFF14429B35B7400E6B193 /* AppDelegate.swift */ = {isa = PBXFileReference; lastKnownFileType = sourcecode.swift; path = AppDelegate.swift; sourceTree = "<group>"; };
		FACFF14629B35B7400E6B193 /* SceneDelegate.swift */ = {isa = PBXFileReference; lastKnownFileType = sourcecode.swift; path = SceneDelegate.swift; sourceTree = "<group>"; };
		FACFF14829B35B7400E6B193 /* ViewController.swift */ = {isa = PBXFileReference; lastKnownFileType = sourcecode.swift; path = ViewController.swift; sourceTree = "<group>"; };
		FACFF14B29B35B7400E6B193 /* Base */ = {isa = PBXFileReference; lastKnownFileType = file.storyboard; name = Base; path = Base.lproj/Main.storyboard; sourceTree = "<group>"; };
		FACFF14D29B35B7600E6B193 /* Assets.xcassets */ = {isa = PBXFileReference; lastKnownFileType = folder.assetcatalog; path = Assets.xcassets; sourceTree = "<group>"; };
		FACFF15029B35B7600E6B193 /* Base */ = {isa = PBXFileReference; lastKnownFileType = file.storyboard; name = Base; path = Base.lproj/LaunchScreen.storyboard; sourceTree = "<group>"; };
		FACFF15229B35B7600E6B193 /* Info.plist */ = {isa = PBXFileReference; lastKnownFileType = text.plist.xml; path = Info.plist; sourceTree = "<group>"; };
		FACFF15729B35B7600E6B193 /* Mobven-ProjectTests.xctest */ = {isa = PBXFileReference; explicitFileType = wrapper.cfbundle; includeInIndex = 0; path = "Mobven-ProjectTests.xctest"; sourceTree = BUILT_PRODUCTS_DIR; };
		FACFF15B29B35B7700E6B193 /* Mobven_ProjectTests.swift */ = {isa = PBXFileReference; lastKnownFileType = sourcecode.swift; path = Mobven_ProjectTests.swift; sourceTree = "<group>"; };
		FACFF16129B35B7700E6B193 /* Mobven-ProjectUITests.xctest */ = {isa = PBXFileReference; explicitFileType = wrapper.cfbundle; includeInIndex = 0; path = "Mobven-ProjectUITests.xctest"; sourceTree = BUILT_PRODUCTS_DIR; };
		FACFF16529B35B7700E6B193 /* Mobven_ProjectUITests.swift */ = {isa = PBXFileReference; lastKnownFileType = sourcecode.swift; path = Mobven_ProjectUITests.swift; sourceTree = "<group>"; };
		FACFF16729B35B7700E6B193 /* Mobven_ProjectUITestsLaunchTests.swift */ = {isa = PBXFileReference; lastKnownFileType = sourcecode.swift; path = Mobven_ProjectUITestsLaunchTests.swift; sourceTree = "<group>"; };
		FACFF17529B35BF500E6B193 /* Development.xcconfig */ = {isa = PBXFileReference; lastKnownFileType = text.xcconfig; path = Development.xcconfig; sourceTree = "<group>"; };
		FACFF17629B35C0100E6B193 /* Production.xcconfig */ = {isa = PBXFileReference; lastKnownFileType = text.xcconfig; path = Production.xcconfig; sourceTree = "<group>"; };
/* End PBXFileReference section */

/* Begin PBXFrameworksBuildPhase section */
		FACFF13E29B35B7400E6B193 /* Frameworks */ = {
			isa = PBXFrameworksBuildPhase;
			buildActionMask = 2147483647;
			files = (
			);
			runOnlyForDeploymentPostprocessing = 0;
		};
		FACFF15429B35B7600E6B193 /* Frameworks */ = {
			isa = PBXFrameworksBuildPhase;
			buildActionMask = 2147483647;
			files = (
			);
			runOnlyForDeploymentPostprocessing = 0;
		};
		FACFF15E29B35B7700E6B193 /* Frameworks */ = {
			isa = PBXFrameworksBuildPhase;
			buildActionMask = 2147483647;
			files = (
			);
			runOnlyForDeploymentPostprocessing = 0;
		};
/* End PBXFrameworksBuildPhase section */

/* Begin PBXGroup section */
		FACFF13829B35B7400E6B193 = {
			isa = PBXGroup;
			children = (
				FACFF17429B35BE100E6B193 /* Configuration */,
				FACFF14329B35B7400E6B193 /* Mobven-Project */,
				FACFF15A29B35B7600E6B193 /* Mobven-ProjectTests */,
				FACFF16429B35B7700E6B193 /* Mobven-ProjectUITests */,
				FACFF14229B35B7400E6B193 /* Products */,
			);
			sourceTree = "<group>";
		};
		FACFF14229B35B7400E6B193 /* Products */ = {
			isa = PBXGroup;
			children = (
				FACFF14129B35B7400E6B193 /* MobvenDev.app */,
				FACFF15729B35B7600E6B193 /* Mobven-ProjectTests.xctest */,
				FACFF16129B35B7700E6B193 /* Mobven-ProjectUITests.xctest */,
			);
			name = Products;
			sourceTree = "<group>";
		};
		FACFF14329B35B7400E6B193 /* Mobven-Project */ = {
			isa = PBXGroup;
			children = (
				FACFF14429B35B7400E6B193 /* AppDelegate.swift */,
				FACFF14629B35B7400E6B193 /* SceneDelegate.swift */,
				FACFF14829B35B7400E6B193 /* ViewController.swift */,
				FACFF14A29B35B7400E6B193 /* Main.storyboard */,
				FACFF14D29B35B7600E6B193 /* Assets.xcassets */,
				FACFF14F29B35B7600E6B193 /* LaunchScreen.storyboard */,
				FACFF15229B35B7600E6B193 /* Info.plist */,
			);
			path = "Mobven-Project";
			sourceTree = "<group>";
		};
		FACFF15A29B35B7600E6B193 /* Mobven-ProjectTests */ = {
			isa = PBXGroup;
			children = (
				FACFF15B29B35B7700E6B193 /* Mobven_ProjectTests.swift */,
			);
			path = "Mobven-ProjectTests";
			sourceTree = "<group>";
		};
		FACFF16429B35B7700E6B193 /* Mobven-ProjectUITests */ = {
			isa = PBXGroup;
			children = (
				FACFF16529B35B7700E6B193 /* Mobven_ProjectUITests.swift */,
				FACFF16729B35B7700E6B193 /* Mobven_ProjectUITestsLaunchTests.swift */,
			);
			path = "Mobven-ProjectUITests";
			sourceTree = "<group>";
		};
		FACFF17429B35BE100E6B193 /* Configuration */ = {
			isa = PBXGroup;
			children = (
				FACFF17529B35BF500E6B193 /* Development.xcconfig */,
				FACFF17629B35C0100E6B193 /* Production.xcconfig */,
			);
			path = Configuration;
			sourceTree = "<group>";
		};
/* End PBXGroup section */

/* Begin PBXNativeTarget section */
		FACFF14029B35B7400E6B193 /* Mobven-Project */ = {
			isa = PBXNativeTarget;
			buildConfigurationList = FACFF16B29B35B7700E6B193 /* Build configuration list for PBXNativeTarget "Mobven-Project" */;
			buildPhases = (
				FACFF13D29B35B7400E6B193 /* Sources */,
				FACFF13E29B35B7400E6B193 /* Frameworks */,
				FACFF13F29B35B7400E6B193 /* Resources */,
			);
			buildRules = (
			);
			dependencies = (
			);
			name = "Mobven-Project";
			productName = "Mobven-Project";
			productReference = FACFF14129B35B7400E6B193 /* MobvenDev.app */;
			productType = "com.apple.product-type.application";
		};
		FACFF15629B35B7600E6B193 /* Mobven-ProjectTests */ = {
			isa = PBXNativeTarget;
			buildConfigurationList = FACFF16E29B35B7700E6B193 /* Build configuration list for PBXNativeTarget "Mobven-ProjectTests" */;
			buildPhases = (
				FACFF15329B35B7600E6B193 /* Sources */,
				FACFF15429B35B7600E6B193 /* Frameworks */,
				FACFF15529B35B7600E6B193 /* Resources */,
			);
			buildRules = (
			);
			dependencies = (
				FACFF15929B35B7600E6B193 /* PBXTargetDependency */,
			);
			name = "Mobven-ProjectTests";
			productName = "Mobven-ProjectTests";
			productReference = FACFF15729B35B7600E6B193 /* Mobven-ProjectTests.xctest */;
			productType = "com.apple.product-type.bundle.unit-test";
		};
		FACFF16029B35B7700E6B193 /* Mobven-ProjectUITests */ = {
			isa = PBXNativeTarget;
			buildConfigurationList = FACFF17129B35B7700E6B193 /* Build configuration list for PBXNativeTarget "Mobven-ProjectUITests" */;
			buildPhases = (
				FACFF15D29B35B7700E6B193 /* Sources */,
				FACFF15E29B35B7700E6B193 /* Frameworks */,
				FACFF15F29B35B7700E6B193 /* Resources */,
			);
			buildRules = (
			);
			dependencies = (
				FACFF16329B35B7700E6B193 /* PBXTargetDependency */,
			);
			name = "Mobven-ProjectUITests";
			productName = "Mobven-ProjectUITests";
			productReference = FACFF16129B35B7700E6B193 /* Mobven-ProjectUITests.xctest */;
			productType = "com.apple.product-type.bundle.ui-testing";
		};
/* End PBXNativeTarget section */

/* Begin PBXProject section */
		FACFF13929B35B7400E6B193 /* Project object */ = {
			isa = PBXProject;
			attributes = {
				BuildIndependentTargetsInParallel = 1;
				LastSwiftUpdateCheck = 1400;
				LastUpgradeCheck = 1400;
				TargetAttributes = {
					FACFF14029B35B7400E6B193 = {
						CreatedOnToolsVersion = 14.0.1;
					};
					FACFF15629B35B7600E6B193 = {
						CreatedOnToolsVersion = 14.0.1;
						TestTargetID = FACFF14029B35B7400E6B193;
					};
					FACFF16029B35B7700E6B193 = {
						CreatedOnToolsVersion = 14.0.1;
						TestTargetID = FACFF14029B35B7400E6B193;
					};
				};
			};
			buildConfigurationList = FACFF13C29B35B7400E6B193 /* Build configuration list for PBXProject "Mobven-Project" */;
			compatibilityVersion = "Xcode 14.0";
			developmentRegion = en;
			hasScannedForEncodings = 0;
			knownRegions = (
				en,
				Base,
			);
			mainGroup = FACFF13829B35B7400E6B193;
			productRefGroup = FACFF14229B35B7400E6B193 /* Products */;
			projectDirPath = "";
			projectRoot = "";
			targets = (
				FACFF14029B35B7400E6B193 /* Mobven-Project */,
				FACFF15629B35B7600E6B193 /* Mobven-ProjectTests */,
				FACFF16029B35B7700E6B193 /* Mobven-ProjectUITests */,
			);
		};
/* End PBXProject section */

/* Begin PBXResourcesBuildPhase section */
		FACFF13F29B35B7400E6B193 /* Resources */ = {
			isa = PBXResourcesBuildPhase;
			buildActionMask = 2147483647;
			files = (
				FACFF15129B35B7600E6B193 /* LaunchScreen.storyboard in Resources */,
				FACFF14E29B35B7600E6B193 /* Assets.xcassets in Resources */,
				FACFF14C29B35B7400E6B193 /* Main.storyboard in Resources */,
			);
			runOnlyForDeploymentPostprocessing = 0;
		};
		FACFF15529B35B7600E6B193 /* Resources */ = {
			isa = PBXResourcesBuildPhase;
			buildActionMask = 2147483647;
			files = (
			);
			runOnlyForDeploymentPostprocessing = 0;
		};
		FACFF15F29B35B7700E6B193 /* Resources */ = {
			isa = PBXResourcesBuildPhase;
			buildActionMask = 2147483647;
			files = (
			);
			runOnlyForDeploymentPostprocessing = 0;
		};
/* End PBXResourcesBuildPhase section */

/* Begin PBXSourcesBuildPhase section */
		FACFF13D29B35B7400E6B193 /* Sources */ = {
			isa = PBXSourcesBuildPhase;
			buildActionMask = 2147483647;
			files = (
				FACFF14929B35B7400E6B193 /* ViewController.swift in Sources */,
				FACFF14529B35B7400E6B193 /* AppDelegate.swift in Sources */,
				FACFF14729B35B7400E6B193 /* SceneDelegate.swift in Sources */,
			);
			runOnlyForDeploymentPostprocessing = 0;
		};
		FACFF15329B35B7600E6B193 /* Sources */ = {
			isa = PBXSourcesBuildPhase;
			buildActionMask = 2147483647;
			files = (
				FACFF15C29B35B7700E6B193 /* Mobven_ProjectTests.swift in Sources */,
			);
			runOnlyForDeploymentPostprocessing = 0;
		};
		FACFF15D29B35B7700E6B193 /* Sources */ = {
			isa = PBXSourcesBuildPhase;
			buildActionMask = 2147483647;
			files = (
				FACFF16629B35B7700E6B193 /* Mobven_ProjectUITests.swift in Sources */,
				FACFF16829B35B7700E6B193 /* Mobven_ProjectUITestsLaunchTests.swift in Sources */,
			);
			runOnlyForDeploymentPostprocessing = 0;
		};
/* End PBXSourcesBuildPhase section */

/* Begin PBXTargetDependency section */
		FACFF15929B35B7600E6B193 /* PBXTargetDependency */ = {
			isa = PBXTargetDependency;
			target = FACFF14029B35B7400E6B193 /* Mobven-Project */;
			targetProxy = FACFF15829B35B7600E6B193 /* PBXContainerItemProxy */;
		};
		FACFF16329B35B7700E6B193 /* PBXTargetDependency */ = {
			isa = PBXTargetDependency;
			target = FACFF14029B35B7400E6B193 /* Mobven-Project */;
			targetProxy = FACFF16229B35B7700E6B193 /* PBXContainerItemProxy */;
		};
/* End PBXTargetDependency section */

/* Begin PBXVariantGroup section */
		FACFF14A29B35B7400E6B193 /* Main.storyboard */ = {
			isa = PBXVariantGroup;
			children = (
				FACFF14B29B35B7400E6B193 /* Base */,
			);
			name = Main.storyboard;
			sourceTree = "<group>";
		};
		FACFF14F29B35B7600E6B193 /* LaunchScreen.storyboard */ = {
			isa = PBXVariantGroup;
			children = (
				FACFF15029B35B7600E6B193 /* Base */,
			);
			name = LaunchScreen.storyboard;
			sourceTree = "<group>";
		};
/* End PBXVariantGroup section */

/* Begin XCBuildConfiguration section */
		FACFF16929B35B7700E6B193 /* DevelopmentDebug */ = {
			isa = XCBuildConfiguration;
			baseConfigurationReference = FACFF17529B35BF500E6B193 /* Development.xcconfig */;
			buildSettings = {
				ALWAYS_SEARCH_USER_PATHS = NO;
				CLANG_ANALYZER_NONNULL = YES;
				CLANG_ANALYZER_NUMBER_OBJECT_CONVERSION = YES_AGGRESSIVE;
				CLANG_CXX_LANGUAGE_STANDARD = "gnu++20";
				CLANG_ENABLE_MODULES = YES;
				CLANG_ENABLE_OBJC_ARC = YES;
				CLANG_ENABLE_OBJC_WEAK = YES;
				CLANG_WARN_BLOCK_CAPTURE_AUTORELEASING = YES;
				CLANG_WARN_BOOL_CONVERSION = YES;
				CLANG_WARN_COMMA = YES;
				CLANG_WARN_CONSTANT_CONVERSION = YES;
				CLANG_WARN_DEPRECATED_OBJC_IMPLEMENTATIONS = YES;
				CLANG_WARN_DIRECT_OBJC_ISA_USAGE = YES_ERROR;
				CLANG_WARN_DOCUMENTATION_COMMENTS = YES;
				CLANG_WARN_EMPTY_BODY = YES;
				CLANG_WARN_ENUM_CONVERSION = YES;
				CLANG_WARN_INFINITE_RECURSION = YES;
				CLANG_WARN_INT_CONVERSION = YES;
				CLANG_WARN_NON_LITERAL_NULL_CONVERSION = YES;
				CLANG_WARN_OBJC_IMPLICIT_RETAIN_SELF = YES;
				CLANG_WARN_OBJC_LITERAL_CONVERSION = YES;
				CLANG_WARN_OBJC_ROOT_CLASS = YES_ERROR;
				CLANG_WARN_QUOTED_INCLUDE_IN_FRAMEWORK_HEADER = YES;
				CLANG_WARN_RANGE_LOOP_ANALYSIS = YES;
				CLANG_WARN_STRICT_PROTOTYPES = YES;
				CLANG_WARN_SUSPICIOUS_MOVE = YES;
				CLANG_WARN_UNGUARDED_AVAILABILITY = YES_AGGRESSIVE;
				CLANG_WARN_UNREACHABLE_CODE = YES;
				CLANG_WARN__DUPLICATE_METHOD_MATCH = YES;
				COPY_PHASE_STRIP = NO;
				DEBUG_INFORMATION_FORMAT = dwarf;
				ENABLE_STRICT_OBJC_MSGSEND = YES;
				ENABLE_TESTABILITY = YES;
				GCC_C_LANGUAGE_STANDARD = gnu11;
				GCC_DYNAMIC_NO_PIC = NO;
				GCC_NO_COMMON_BLOCKS = YES;
				GCC_OPTIMIZATION_LEVEL = 0;
				GCC_PREPROCESSOR_DEFINITIONS = (
					"DEBUG=1",
					"$(inherited)",
				);
				GCC_WARN_64_TO_32_BIT_CONVERSION = YES;
				GCC_WARN_ABOUT_RETURN_TYPE = YES_ERROR;
				GCC_WARN_UNDECLARED_SELECTOR = YES;
				GCC_WARN_UNINITIALIZED_AUTOS = YES_AGGRESSIVE;
				GCC_WARN_UNUSED_FUNCTION = YES;
				GCC_WARN_UNUSED_VARIABLE = YES;
				IPHONEOS_DEPLOYMENT_TARGET = 16.0;
				MTL_ENABLE_DEBUG_INFO = INCLUDE_SOURCE;
				MTL_FAST_MATH = YES;
				ONLY_ACTIVE_ARCH = YES;
				SDKROOT = iphoneos;
				SWIFT_ACTIVE_COMPILATION_CONDITIONS = DEBUG;
				SWIFT_OPTIMIZATION_LEVEL = "-Onone";
			};
			name = DevelopmentDebug;
		};
		FACFF16A29B35B7700E6B193 /* DevelopmentRelease */ = {
			isa = XCBuildConfiguration;
			baseConfigurationReference = FACFF17529B35BF500E6B193 /* Development.xcconfig */;
			buildSettings = {
				ALWAYS_SEARCH_USER_PATHS = NO;
				CLANG_ANALYZER_NONNULL = YES;
				CLANG_ANALYZER_NUMBER_OBJECT_CONVERSION = YES_AGGRESSIVE;
				CLANG_CXX_LANGUAGE_STANDARD = "gnu++20";
				CLANG_ENABLE_MODULES = YES;
				CLANG_ENABLE_OBJC_ARC = YES;
				CLANG_ENABLE_OBJC_WEAK = YES;
				CLANG_WARN_BLOCK_CAPTURE_AUTORELEASING = YES;
				CLANG_WARN_BOOL_CONVERSION = YES;
				CLANG_WARN_COMMA = YES;
				CLANG_WARN_CONSTANT_CONVERSION = YES;
				CLANG_WARN_DEPRECATED_OBJC_IMPLEMENTATIONS = YES;
				CLANG_WARN_DIRECT_OBJC_ISA_USAGE = YES_ERROR;
				CLANG_WARN_DOCUMENTATION_COMMENTS = YES;
				CLANG_WARN_EMPTY_BODY = YES;
				CLANG_WARN_ENUM_CONVERSION = YES;
				CLANG_WARN_INFINITE_RECURSION = YES;
				CLANG_WARN_INT_CONVERSION = YES;
				CLANG_WARN_NON_LITERAL_NULL_CONVERSION = YES;
				CLANG_WARN_OBJC_IMPLICIT_RETAIN_SELF = YES;
				CLANG_WARN_OBJC_LITERAL_CONVERSION = YES;
				CLANG_WARN_OBJC_ROOT_CLASS = YES_ERROR;
				CLANG_WARN_QUOTED_INCLUDE_IN_FRAMEWORK_HEADER = YES;
				CLANG_WARN_RANGE_LOOP_ANALYSIS = YES;
				CLANG_WARN_STRICT_PROTOTYPES = YES;
				CLANG_WARN_SUSPICIOUS_MOVE = YES;
				CLANG_WARN_UNGUARDED_AVAILABILITY = YES_AGGRESSIVE;
				CLANG_WARN_UNREACHABLE_CODE = YES;
				CLANG_WARN__DUPLICATE_METHOD_MATCH = YES;
				COPY_PHASE_STRIP = NO;
				DEBUG_INFORMATION_FORMAT = "dwarf-with-dsym";
				ENABLE_NS_ASSERTIONS = NO;
				ENABLE_STRICT_OBJC_MSGSEND = YES;
				GCC_C_LANGUAGE_STANDARD = gnu11;
				GCC_NO_COMMON_BLOCKS = YES;
				GCC_WARN_64_TO_32_BIT_CONVERSION = YES;
				GCC_WARN_ABOUT_RETURN_TYPE = YES_ERROR;
				GCC_WARN_UNDECLARED_SELECTOR = YES;
				GCC_WARN_UNINITIALIZED_AUTOS = YES_AGGRESSIVE;
				GCC_WARN_UNUSED_FUNCTION = YES;
				GCC_WARN_UNUSED_VARIABLE = YES;
				IPHONEOS_DEPLOYMENT_TARGET = 16.0;
				MTL_ENABLE_DEBUG_INFO = NO;
				MTL_FAST_MATH = YES;
				SDKROOT = iphoneos;
				SWIFT_COMPILATION_MODE = wholemodule;
				SWIFT_OPTIMIZATION_LEVEL = "-O";
				VALIDATE_PRODUCT = YES;
			};
			name = DevelopmentRelease;
		};
		FACFF16C29B35B7700E6B193 /* DevelopmentDebug */ = {
			isa = XCBuildConfiguration;
			baseConfigurationReference = FACFF17529B35BF500E6B193 /* Development.xcconfig */;
			buildSettings = {
				ASSETCATALOG_COMPILER_APPICON_NAME = AppIcon;
				ASSETCATALOG_COMPILER_GLOBAL_ACCENT_COLOR_NAME = AccentColor;
				CODE_SIGN_STYLE = Automatic;
				CURRENT_PROJECT_VERSION = 1;
				DEVELOPMENT_TEAM = TBXF7RJBHZ;
				GENERATE_INFOPLIST_FILE = YES;
				INFOPLIST_FILE = "Mobven-Project/Info.plist";
				INFOPLIST_KEY_UIApplicationSupportsIndirectInputEvents = YES;
				INFOPLIST_KEY_UILaunchStoryboardName = LaunchScreen;
				INFOPLIST_KEY_UIMainStoryboardFile = Main;
				INFOPLIST_KEY_UISupportedInterfaceOrientations_iPad = "UIInterfaceOrientationPortrait UIInterfaceOrientationPortraitUpsideDown UIInterfaceOrientationLandscapeLeft UIInterfaceOrientationLandscapeRight";
				INFOPLIST_KEY_UISupportedInterfaceOrientations_iPhone = "UIInterfaceOrientationPortrait UIInterfaceOrientationLandscapeLeft UIInterfaceOrientationLandscapeRight";
				IPHONEOS_DEPLOYMENT_TARGET = 15.6;
				LD_RUNPATH_SEARCH_PATHS = (
					"$(inherited)",
					"@executable_path/Frameworks",
				);
				MARKETING_VERSION = 1.0;
				PRODUCT_BUNDLE_IDENTIFIER = "$(BUNDLE_ID)";
				PRODUCT_NAME = "$(APP_NAME)";
				SWIFT_EMIT_LOC_STRINGS = YES;
				SWIFT_VERSION = 5.0;
				TARGETED_DEVICE_FAMILY = "1,2";
			};
			name = DevelopmentDebug;
		};
		FACFF16D29B35B7700E6B193 /* DevelopmentRelease */ = {
			isa = XCBuildConfiguration;
			baseConfigurationReference = FACFF17529B35BF500E6B193 /* Development.xcconfig */;
			buildSettings = {
				ASSETCATALOG_COMPILER_APPICON_NAME = AppIcon;
				ASSETCATALOG_COMPILER_GLOBAL_ACCENT_COLOR_NAME = AccentColor;
				CODE_SIGN_STYLE = Automatic;
				CURRENT_PROJECT_VERSION = 1;
				DEVELOPMENT_TEAM = TBXF7RJBHZ;
				GENERATE_INFOPLIST_FILE = YES;
				INFOPLIST_FILE = "Mobven-Project/Info.plist";
				INFOPLIST_KEY_UIApplicationSupportsIndirectInputEvents = YES;
				INFOPLIST_KEY_UILaunchStoryboardName = LaunchScreen;
				INFOPLIST_KEY_UIMainStoryboardFile = Main;
				INFOPLIST_KEY_UISupportedInterfaceOrientations_iPad = "UIInterfaceOrientationPortrait UIInterfaceOrientationPortraitUpsideDown UIInterfaceOrientationLandscapeLeft UIInterfaceOrientationLandscapeRight";
				INFOPLIST_KEY_UISupportedInterfaceOrientations_iPhone = "UIInterfaceOrientationPortrait UIInterfaceOrientationLandscapeLeft UIInterfaceOrientationLandscapeRight";
				IPHONEOS_DEPLOYMENT_TARGET = 15.6;
				LD_RUNPATH_SEARCH_PATHS = (
					"$(inherited)",
					"@executable_path/Frameworks",
				);
				MARKETING_VERSION = 1.0;
				PRODUCT_BUNDLE_IDENTIFIER = "$(BUNDLE_ID)";
				PRODUCT_NAME = "$(APP_NAME)";
				SWIFT_EMIT_LOC_STRINGS = YES;
				SWIFT_VERSION = 5.0;
				TARGETED_DEVICE_FAMILY = "1,2";
			};
			name = DevelopmentRelease;
		};
		FACFF16F29B35B7700E6B193 /* DevelopmentDebug */ = {
			isa = XCBuildConfiguration;
			baseConfigurationReference = FACFF17529B35BF500E6B193 /* Development.xcconfig */;
			buildSettings = {
				ALWAYS_EMBED_SWIFT_STANDARD_LIBRARIES = YES;
				BUNDLE_LOADER = "$(TEST_HOST)";
				CODE_SIGN_STYLE = Automatic;
				CURRENT_PROJECT_VERSION = 1;
				DEVELOPMENT_TEAM = TBXF7RJBHZ;
				GENERATE_INFOPLIST_FILE = YES;
				IPHONEOS_DEPLOYMENT_TARGET = 16.0;
				MARKETING_VERSION = 1.0;
				PRODUCT_BUNDLE_IDENTIFIER = "com.mobven.Mobven-ProjectTests";
				PRODUCT_NAME = "$(TARGET_NAME)";
				SWIFT_EMIT_LOC_STRINGS = NO;
				SWIFT_VERSION = 5.0;
				TARGETED_DEVICE_FAMILY = "1,2";
				TEST_HOST = "$(BUILT_PRODUCTS_DIR)/Mobven-Project.app/$(BUNDLE_EXECUTABLE_FOLDER_PATH)/Mobven-Project";
			};
			name = DevelopmentDebug;
		};
		FACFF17029B35B7700E6B193 /* DevelopmentRelease */ = {
			isa = XCBuildConfiguration;
			baseConfigurationReference = FACFF17529B35BF500E6B193 /* Development.xcconfig */;
			buildSettings = {
				ALWAYS_EMBED_SWIFT_STANDARD_LIBRARIES = YES;
				BUNDLE_LOADER = "$(TEST_HOST)";
				CODE_SIGN_STYLE = Automatic;
				CURRENT_PROJECT_VERSION = 1;
				DEVELOPMENT_TEAM = TBXF7RJBHZ;
				GENERATE_INFOPLIST_FILE = YES;
				IPHONEOS_DEPLOYMENT_TARGET = 16.0;
				MARKETING_VERSION = 1.0;
				PRODUCT_BUNDLE_IDENTIFIER = "com.mobven.Mobven-ProjectTests";
				PRODUCT_NAME = "$(TARGET_NAME)";
				SWIFT_EMIT_LOC_STRINGS = NO;
				SWIFT_VERSION = 5.0;
				TARGETED_DEVICE_FAMILY = "1,2";
				TEST_HOST = "$(BUILT_PRODUCTS_DIR)/Mobven-Project.app/$(BUNDLE_EXECUTABLE_FOLDER_PATH)/Mobven-Project";
			};
			name = DevelopmentRelease;
		};
		FACFF17229B35B7700E6B193 /* DevelopmentDebug */ = {
			isa = XCBuildConfiguration;
			baseConfigurationReference = FACFF17529B35BF500E6B193 /* Development.xcconfig */;
			buildSettings = {
				ALWAYS_EMBED_SWIFT_STANDARD_LIBRARIES = YES;
				CODE_SIGN_STYLE = Automatic;
				CURRENT_PROJECT_VERSION = 1;
				DEVELOPMENT_TEAM = TBXF7RJBHZ;
				GENERATE_INFOPLIST_FILE = YES;
				MARKETING_VERSION = 1.0;
				PRODUCT_BUNDLE_IDENTIFIER = "com.mobven.Mobven-ProjectUITests";
				PRODUCT_NAME = "$(TARGET_NAME)";
				SWIFT_EMIT_LOC_STRINGS = NO;
				SWIFT_VERSION = 5.0;
				TARGETED_DEVICE_FAMILY = "1,2";
				TEST_TARGET_NAME = "Mobven-Project";
			};
			name = DevelopmentDebug;
		};
		FACFF17329B35B7700E6B193 /* DevelopmentRelease */ = {
			isa = XCBuildConfiguration;
			baseConfigurationReference = FACFF17529B35BF500E6B193 /* Development.xcconfig */;
			buildSettings = {
				ALWAYS_EMBED_SWIFT_STANDARD_LIBRARIES = YES;
				CODE_SIGN_STYLE = Automatic;
				CURRENT_PROJECT_VERSION = 1;
				DEVELOPMENT_TEAM = TBXF7RJBHZ;
				GENERATE_INFOPLIST_FILE = YES;
				MARKETING_VERSION = 1.0;
				PRODUCT_BUNDLE_IDENTIFIER = "com.mobven.Mobven-ProjectUITests";
				PRODUCT_NAME = "$(TARGET_NAME)";
				SWIFT_EMIT_LOC_STRINGS = NO;
				SWIFT_VERSION = 5.0;
				TARGETED_DEVICE_FAMILY = "1,2";
				TEST_TARGET_NAME = "Mobven-Project";
			};
			name = DevelopmentRelease;
		};
		FACFF17729B35CCB00E6B193 /* ProductionDebug */ = {
			isa = XCBuildConfiguration;
			baseConfigurationReference = FACFF17629B35C0100E6B193 /* Production.xcconfig */;
			buildSettings = {
				ALWAYS_SEARCH_USER_PATHS = NO;
				CLANG_ANALYZER_NONNULL = YES;
				CLANG_ANALYZER_NUMBER_OBJECT_CONVERSION = YES_AGGRESSIVE;
				CLANG_CXX_LANGUAGE_STANDARD = "gnu++20";
				CLANG_ENABLE_MODULES = YES;
				CLANG_ENABLE_OBJC_ARC = YES;
				CLANG_ENABLE_OBJC_WEAK = YES;
				CLANG_WARN_BLOCK_CAPTURE_AUTORELEASING = YES;
				CLANG_WARN_BOOL_CONVERSION = YES;
				CLANG_WARN_COMMA = YES;
				CLANG_WARN_CONSTANT_CONVERSION = YES;
				CLANG_WARN_DEPRECATED_OBJC_IMPLEMENTATIONS = YES;
				CLANG_WARN_DIRECT_OBJC_ISA_USAGE = YES_ERROR;
				CLANG_WARN_DOCUMENTATION_COMMENTS = YES;
				CLANG_WARN_EMPTY_BODY = YES;
				CLANG_WARN_ENUM_CONVERSION = YES;
				CLANG_WARN_INFINITE_RECURSION = YES;
				CLANG_WARN_INT_CONVERSION = YES;
				CLANG_WARN_NON_LITERAL_NULL_CONVERSION = YES;
				CLANG_WARN_OBJC_IMPLICIT_RETAIN_SELF = YES;
				CLANG_WARN_OBJC_LITERAL_CONVERSION = YES;
				CLANG_WARN_OBJC_ROOT_CLASS = YES_ERROR;
				CLANG_WARN_QUOTED_INCLUDE_IN_FRAMEWORK_HEADER = YES;
				CLANG_WARN_RANGE_LOOP_ANALYSIS = YES;
				CLANG_WARN_STRICT_PROTOTYPES = YES;
				CLANG_WARN_SUSPICIOUS_MOVE = YES;
				CLANG_WARN_UNGUARDED_AVAILABILITY = YES_AGGRESSIVE;
				CLANG_WARN_UNREACHABLE_CODE = YES;
				CLANG_WARN__DUPLICATE_METHOD_MATCH = YES;
				COPY_PHASE_STRIP = NO;
				DEBUG_INFORMATION_FORMAT = dwarf;
				ENABLE_STRICT_OBJC_MSGSEND = YES;
				ENABLE_TESTABILITY = YES;
				GCC_C_LANGUAGE_STANDARD = gnu11;
				GCC_DYNAMIC_NO_PIC = NO;
				GCC_NO_COMMON_BLOCKS = YES;
				GCC_OPTIMIZATION_LEVEL = 0;
				GCC_PREPROCESSOR_DEFINITIONS = (
					"DEBUG=1",
					"$(inherited)",
				);
				GCC_WARN_64_TO_32_BIT_CONVERSION = YES;
				GCC_WARN_ABOUT_RETURN_TYPE = YES_ERROR;
				GCC_WARN_UNDECLARED_SELECTOR = YES;
				GCC_WARN_UNINITIALIZED_AUTOS = YES_AGGRESSIVE;
				GCC_WARN_UNUSED_FUNCTION = YES;
				GCC_WARN_UNUSED_VARIABLE = YES;
				IPHONEOS_DEPLOYMENT_TARGET = 16.0;
				MTL_ENABLE_DEBUG_INFO = INCLUDE_SOURCE;
				MTL_FAST_MATH = YES;
				ONLY_ACTIVE_ARCH = YES;
				SDKROOT = iphoneos;
				SWIFT_ACTIVE_COMPILATION_CONDITIONS = DEBUG;
				SWIFT_OPTIMIZATION_LEVEL = "-Onone";
			};
			name = ProductionDebug;
		};
		FACFF17829B35CCB00E6B193 /* ProductionDebug */ = {
			isa = XCBuildConfiguration;
			baseConfigurationReference = FACFF17629B35C0100E6B193 /* Production.xcconfig */;
			buildSettings = {
				ASSETCATALOG_COMPILER_APPICON_NAME = AppIcon;
				ASSETCATALOG_COMPILER_GLOBAL_ACCENT_COLOR_NAME = AccentColor;
				CODE_SIGN_STYLE = Automatic;
				CURRENT_PROJECT_VERSION = 1;
				DEVELOPMENT_TEAM = TBXF7RJBHZ;
				GENERATE_INFOPLIST_FILE = YES;
				INFOPLIST_FILE = "Mobven-Project/Info.plist";
				INFOPLIST_KEY_UIApplicationSupportsIndirectInputEvents = YES;
				INFOPLIST_KEY_UILaunchStoryboardName = LaunchScreen;
				INFOPLIST_KEY_UIMainStoryboardFile = Main;
				INFOPLIST_KEY_UISupportedInterfaceOrientations_iPad = "UIInterfaceOrientationPortrait UIInterfaceOrientationPortraitUpsideDown UIInterfaceOrientationLandscapeLeft UIInterfaceOrientationLandscapeRight";
				INFOPLIST_KEY_UISupportedInterfaceOrientations_iPhone = "UIInterfaceOrientationPortrait UIInterfaceOrientationLandscapeLeft UIInterfaceOrientationLandscapeRight";
				IPHONEOS_DEPLOYMENT_TARGET = 15.6;
				LD_RUNPATH_SEARCH_PATHS = (
					"$(inherited)",
					"@executable_path/Frameworks",
				);
				MARKETING_VERSION = 1.0;
				PRODUCT_BUNDLE_IDENTIFIER = "$(BUNDLE_ID)";
				PRODUCT_NAME = "$(APP_NAME)";
				SWIFT_EMIT_LOC_STRINGS = YES;
				SWIFT_VERSION = 5.0;
				TARGETED_DEVICE_FAMILY = "1,2";
			};
			name = ProductionDebug;
		};
		FACFF17929B35CCB00E6B193 /* ProductionDebug */ = {
			isa = XCBuildConfiguration;
			baseConfigurationReference = FACFF17629B35C0100E6B193 /* Production.xcconfig */;
			buildSettings = {
				ALWAYS_EMBED_SWIFT_STANDARD_LIBRARIES = YES;
				BUNDLE_LOADER = "$(TEST_HOST)";
				CODE_SIGN_STYLE = Automatic;
				CURRENT_PROJECT_VERSION = 1;
				DEVELOPMENT_TEAM = TBXF7RJBHZ;
				GENERATE_INFOPLIST_FILE = YES;
				IPHONEOS_DEPLOYMENT_TARGET = 16.0;
				MARKETING_VERSION = 1.0;
				PRODUCT_BUNDLE_IDENTIFIER = "com.mobven.Mobven-ProjectTests";
				PRODUCT_NAME = "$(TARGET_NAME)";
				SWIFT_EMIT_LOC_STRINGS = NO;
				SWIFT_VERSION = 5.0;
				TARGETED_DEVICE_FAMILY = "1,2";
				TEST_HOST = "$(BUILT_PRODUCTS_DIR)/Mobven-Project.app/$(BUNDLE_EXECUTABLE_FOLDER_PATH)/Mobven-Project";
			};
			name = ProductionDebug;
		};
		FACFF17A29B35CCB00E6B193 /* ProductionDebug */ = {
			isa = XCBuildConfiguration;
			baseConfigurationReference = FACFF17629B35C0100E6B193 /* Production.xcconfig */;
			buildSettings = {
				ALWAYS_EMBED_SWIFT_STANDARD_LIBRARIES = YES;
				CODE_SIGN_STYLE = Automatic;
				CURRENT_PROJECT_VERSION = 1;
				DEVELOPMENT_TEAM = TBXF7RJBHZ;
				GENERATE_INFOPLIST_FILE = YES;
				MARKETING_VERSION = 1.0;
				PRODUCT_BUNDLE_IDENTIFIER = "com.mobven.Mobven-ProjectUITests";
				PRODUCT_NAME = "$(TARGET_NAME)";
				SWIFT_EMIT_LOC_STRINGS = NO;
				SWIFT_VERSION = 5.0;
				TARGETED_DEVICE_FAMILY = "1,2";
				TEST_TARGET_NAME = "Mobven-Project";
			};
			name = ProductionDebug;
		};
		FACFF17B29B35CE200E6B193 /* ProductionRelease */ = {
			isa = XCBuildConfiguration;
			baseConfigurationReference = FACFF17629B35C0100E6B193 /* Production.xcconfig */;
			buildSettings = {
				ALWAYS_SEARCH_USER_PATHS = NO;
				CLANG_ANALYZER_NONNULL = YES;
				CLANG_ANALYZER_NUMBER_OBJECT_CONVERSION = YES_AGGRESSIVE;
				CLANG_CXX_LANGUAGE_STANDARD = "gnu++20";
				CLANG_ENABLE_MODULES = YES;
				CLANG_ENABLE_OBJC_ARC = YES;
				CLANG_ENABLE_OBJC_WEAK = YES;
				CLANG_WARN_BLOCK_CAPTURE_AUTORELEASING = YES;
				CLANG_WARN_BOOL_CONVERSION = YES;
				CLANG_WARN_COMMA = YES;
				CLANG_WARN_CONSTANT_CONVERSION = YES;
				CLANG_WARN_DEPRECATED_OBJC_IMPLEMENTATIONS = YES;
				CLANG_WARN_DIRECT_OBJC_ISA_USAGE = YES_ERROR;
				CLANG_WARN_DOCUMENTATION_COMMENTS = YES;
				CLANG_WARN_EMPTY_BODY = YES;
				CLANG_WARN_ENUM_CONVERSION = YES;
				CLANG_WARN_INFINITE_RECURSION = YES;
				CLANG_WARN_INT_CONVERSION = YES;
				CLANG_WARN_NON_LITERAL_NULL_CONVERSION = YES;
				CLANG_WARN_OBJC_IMPLICIT_RETAIN_SELF = YES;
				CLANG_WARN_OBJC_LITERAL_CONVERSION = YES;
				CLANG_WARN_OBJC_ROOT_CLASS = YES_ERROR;
				CLANG_WARN_QUOTED_INCLUDE_IN_FRAMEWORK_HEADER = YES;
				CLANG_WARN_RANGE_LOOP_ANALYSIS = YES;
				CLANG_WARN_STRICT_PROTOTYPES = YES;
				CLANG_WARN_SUSPICIOUS_MOVE = YES;
				CLANG_WARN_UNGUARDED_AVAILABILITY = YES_AGGRESSIVE;
				CLANG_WARN_UNREACHABLE_CODE = YES;
				CLANG_WARN__DUPLICATE_METHOD_MATCH = YES;
				COPY_PHASE_STRIP = NO;
				DEBUG_INFORMATION_FORMAT = "dwarf-with-dsym";
				ENABLE_NS_ASSERTIONS = NO;
				ENABLE_STRICT_OBJC_MSGSEND = YES;
				GCC_C_LANGUAGE_STANDARD = gnu11;
				GCC_NO_COMMON_BLOCKS = YES;
				GCC_WARN_64_TO_32_BIT_CONVERSION = YES;
				GCC_WARN_ABOUT_RETURN_TYPE = YES_ERROR;
				GCC_WARN_UNDECLARED_SELECTOR = YES;
				GCC_WARN_UNINITIALIZED_AUTOS = YES_AGGRESSIVE;
				GCC_WARN_UNUSED_FUNCTION = YES;
				GCC_WARN_UNUSED_VARIABLE = YES;
				IPHONEOS_DEPLOYMENT_TARGET = 16.0;
				MTL_ENABLE_DEBUG_INFO = NO;
				MTL_FAST_MATH = YES;
				SDKROOT = iphoneos;
				SWIFT_COMPILATION_MODE = wholemodule;
				SWIFT_OPTIMIZATION_LEVEL = "-O";
				VALIDATE_PRODUCT = YES;
			};
			name = ProductionRelease;
		};
		FACFF17C29B35CE200E6B193 /* ProductionRelease */ = {
			isa = XCBuildConfiguration;
			baseConfigurationReference = FACFF17629B35C0100E6B193 /* Production.xcconfig */;
			buildSettings = {
				ASSETCATALOG_COMPILER_APPICON_NAME = AppIcon;
				ASSETCATALOG_COMPILER_GLOBAL_ACCENT_COLOR_NAME = AccentColor;
				CODE_SIGN_STYLE = Automatic;
				CURRENT_PROJECT_VERSION = 1;
				DEVELOPMENT_TEAM = TBXF7RJBHZ;
				GENERATE_INFOPLIST_FILE = YES;
				INFOPLIST_FILE = "Mobven-Project/Info.plist";
				INFOPLIST_KEY_UIApplicationSupportsIndirectInputEvents = YES;
				INFOPLIST_KEY_UILaunchStoryboardName = LaunchScreen;
				INFOPLIST_KEY_UIMainStoryboardFile = Main;
				INFOPLIST_KEY_UISupportedInterfaceOrientations_iPad = "UIInterfaceOrientationPortrait UIInterfaceOrientationPortraitUpsideDown UIInterfaceOrientationLandscapeLeft UIInterfaceOrientationLandscapeRight";
				INFOPLIST_KEY_UISupportedInterfaceOrientations_iPhone = "UIInterfaceOrientationPortrait UIInterfaceOrientationLandscapeLeft UIInterfaceOrientationLandscapeRight";
				IPHONEOS_DEPLOYMENT_TARGET = 15.6;
				LD_RUNPATH_SEARCH_PATHS = (
					"$(inherited)",
					"@executable_path/Frameworks",
				);
				MARKETING_VERSION = 1.0;
				PRODUCT_BUNDLE_IDENTIFIER = "$(BUNDLE_ID)";
				PRODUCT_NAME = "$(APP_NAME)";
				SWIFT_EMIT_LOC_STRINGS = YES;
				SWIFT_VERSION = 5.0;
				TARGETED_DEVICE_FAMILY = "1,2";
			};
			name = ProductionRelease;
		};
		FACFF17D29B35CE200E6B193 /* ProductionRelease */ = {
			isa = XCBuildConfiguration;
			baseConfigurationReference = FACFF17629B35C0100E6B193 /* Production.xcconfig */;
			buildSettings = {
				ALWAYS_EMBED_SWIFT_STANDARD_LIBRARIES = YES;
				BUNDLE_LOADER = "$(TEST_HOST)";
				CODE_SIGN_STYLE = Automatic;
				CURRENT_PROJECT_VERSION = 1;
				DEVELOPMENT_TEAM = TBXF7RJBHZ;
				GENERATE_INFOPLIST_FILE = YES;
				IPHONEOS_DEPLOYMENT_TARGET = 16.0;
				MARKETING_VERSION = 1.0;
				PRODUCT_BUNDLE_IDENTIFIER = "com.mobven.Mobven-ProjectTests";
				PRODUCT_NAME = "$(TARGET_NAME)";
				SWIFT_EMIT_LOC_STRINGS = NO;
				SWIFT_VERSION = 5.0;
				TARGETED_DEVICE_FAMILY = "1,2";
				TEST_HOST = "$(BUILT_PRODUCTS_DIR)/Mobven-Project.app/$(BUNDLE_EXECUTABLE_FOLDER_PATH)/Mobven-Project";
			};
			name = ProductionRelease;
		};
		FACFF17E29B35CE200E6B193 /* ProductionRelease */ = {
			isa = XCBuildConfiguration;
			baseConfigurationReference = FACFF17629B35C0100E6B193 /* Production.xcconfig */;
			buildSettings = {
				ALWAYS_EMBED_SWIFT_STANDARD_LIBRARIES = YES;
				CODE_SIGN_STYLE = Automatic;
				CURRENT_PROJECT_VERSION = 1;
				DEVELOPMENT_TEAM = TBXF7RJBHZ;
				GENERATE_INFOPLIST_FILE = YES;
				MARKETING_VERSION = 1.0;
				PRODUCT_BUNDLE_IDENTIFIER = "com.mobven.Mobven-ProjectUITests";
				PRODUCT_NAME = "$(TARGET_NAME)";
				SWIFT_EMIT_LOC_STRINGS = NO;
				SWIFT_VERSION = 5.0;
				TARGETED_DEVICE_FAMILY = "1,2";
				TEST_TARGET_NAME = "Mobven-Project";
			};
			name = ProductionRelease;
		};
/* End XCBuildConfiguration section */

/* Begin XCConfigurationList section */
		FACFF13C29B35B7400E6B193 /* Build configuration list for PBXProject "Mobven-Project" */ = {
			isa = XCConfigurationList;
			buildConfigurations = (
				FACFF16929B35B7700E6B193 /* DevelopmentDebug */,
				FACFF17729B35CCB00E6B193 /* ProductionDebug */,
				FACFF16A29B35B7700E6B193 /* DevelopmentRelease */,
				FACFF17B29B35CE200E6B193 /* ProductionRelease */,
			);
			defaultConfigurationIsVisible = 0;
			defaultConfigurationName = DevelopmentRelease;
		};
		FACFF16B29B35B7700E6B193 /* Build configuration list for PBXNativeTarget "Mobven-Project" */ = {
			isa = XCConfigurationList;
			buildConfigurations = (
				FACFF16C29B35B7700E6B193 /* DevelopmentDebug */,
				FACFF17829B35CCB00E6B193 /* ProductionDebug */,
				FACFF16D29B35B7700E6B193 /* DevelopmentRelease */,
				FACFF17C29B35CE200E6B193 /* ProductionRelease */,
			);
			defaultConfigurationIsVisible = 0;
			defaultConfigurationName = DevelopmentRelease;
		};
		FACFF16E29B35B7700E6B193 /* Build configuration list for PBXNativeTarget "Mobven-ProjectTests" */ = {
			isa = XCConfigurationList;
			buildConfigurations = (
				FACFF16F29B35B7700E6B193 /* DevelopmentDebug */,
				FACFF17929B35CCB00E6B193 /* ProductionDebug */,
				FACFF17029B35B7700E6B193 /* DevelopmentRelease */,
				FACFF17D29B35CE200E6B193 /* ProductionRelease */,
			);
			defaultConfigurationIsVisible = 0;
			defaultConfigurationName = DevelopmentRelease;
		};
		FACFF17129B35B7700E6B193 /* Build configuration list for PBXNativeTarget "Mobven-ProjectUITests" */ = {
			isa = XCConfigurationList;
			buildConfigurations = (
				FACFF17229B35B7700E6B193 /* DevelopmentDebug */,
				FACFF17A29B35CCB00E6B193 /* ProductionDebug */,
				FACFF17329B35B7700E6B193 /* DevelopmentRelease */,
				FACFF17E29B35CE200E6B193 /* ProductionRelease */,
			);
			defaultConfigurationIsVisible = 0;
			defaultConfigurationName = DevelopmentRelease;
		};
/* End XCConfigurationList section */
	};
	rootObject = FACFF13929B35B7400E6B193 /* Project object */;
}
