// !$*UTF8*$!
{
	archiveVersion = 1;
	classes = {
	};
	objectVersion = 56;
	objects = {

/* Begin PBXBuildFile section */
		FA28459329C341D7005E3F9B /* Endpoint.swift in Sources */ = {isa = PBXBuildFile; fileRef = FA28459229C341D7005E3F9B /* Endpoint.swift */; };
		FA28459529C34250005E3F9B /* RequestMethod.swift in Sources */ = {isa = PBXBuildFile; fileRef = FA28459429C34250005E3F9B /* RequestMethod.swift */; };
		FA28459729C34411005E3F9B /* AllGroupsEndpoint.swift in Sources */ = {isa = PBXBuildFile; fileRef = FA28459629C34411005E3F9B /* AllGroupsEndpoint.swift */; };
		FA28459929C34C54005E3F9B /* HTTPClient.swift in Sources */ = {isa = PBXBuildFile; fileRef = FA28459829C34C54005E3F9B /* HTTPClient.swift */; };
		FA28459B29C34CF2005E3F9B /* RequestError.swift in Sources */ = {isa = PBXBuildFile; fileRef = FA28459A29C34CF2005E3F9B /* RequestError.swift */; };
		FA28459F29C354F3005E3F9B /* GetResponse.swift in Sources */ = {isa = PBXBuildFile; fileRef = FA28459E29C354F3005E3F9B /* GetResponse.swift */; };
		FA2B7AE029B3E028008D3036 /* Montserrat-Regular.ttf in Resources */ = {isa = PBXBuildFile; fileRef = FADC2E4E29B3911C00485933 /* Montserrat-Regular.ttf */; };
		FA34284529C2593C00F4FE39 /* ChatListTableViewCell.swift in Sources */ = {isa = PBXBuildFile; fileRef = FA34284329C2593C00F4FE39 /* ChatListTableViewCell.swift */; };
		FA34284629C2593C00F4FE39 /* ChatListTableViewCell.xib in Resources */ = {isa = PBXBuildFile; fileRef = FA34284429C2593C00F4FE39 /* ChatListTableViewCell.xib */; };
		FA8EA19E29B4BAC30074E79D /* VerificationViewController.swift in Sources */ = {isa = PBXBuildFile; fileRef = FA8EA19D29B4BAC30074E79D /* VerificationViewController.swift */; };
		FA90B40B29B61AE800EC0D39 /* GradientButton.swift in Sources */ = {isa = PBXBuildFile; fileRef = FA90B40A29B61AE800EC0D39 /* GradientButton.swift */; };
		FACFF14529B35B7400E6B193 /* AppDelegate.swift in Sources */ = {isa = PBXBuildFile; fileRef = FACFF14429B35B7400E6B193 /* AppDelegate.swift */; };
		FACFF14729B35B7400E6B193 /* SceneDelegate.swift in Sources */ = {isa = PBXBuildFile; fileRef = FACFF14629B35B7400E6B193 /* SceneDelegate.swift */; };
		FACFF14C29B35B7400E6B193 /* Main.storyboard in Resources */ = {isa = PBXBuildFile; fileRef = FACFF14A29B35B7400E6B193 /* Main.storyboard */; };
		FACFF14E29B35B7600E6B193 /* Assets.xcassets in Resources */ = {isa = PBXBuildFile; fileRef = FACFF14D29B35B7600E6B193 /* Assets.xcassets */; };
		FACFF15129B35B7600E6B193 /* LaunchScreen.storyboard in Resources */ = {isa = PBXBuildFile; fileRef = FACFF14F29B35B7600E6B193 /* LaunchScreen.storyboard */; };
		FACFF15C29B35B7700E6B193 /* Mobven_ProjectTests.swift in Sources */ = {isa = PBXBuildFile; fileRef = FACFF15B29B35B7700E6B193 /* Mobven_ProjectTests.swift */; };
		FACFF16629B35B7700E6B193 /* Mobven_ProjectUITests.swift in Sources */ = {isa = PBXBuildFile; fileRef = FACFF16529B35B7700E6B193 /* Mobven_ProjectUITests.swift */; };
		FACFF16829B35B7700E6B193 /* Mobven_ProjectUITestsLaunchTests.swift in Sources */ = {isa = PBXBuildFile; fileRef = FACFF16729B35B7700E6B193 /* Mobven_ProjectUITestsLaunchTests.swift */; };
		FAD3B40629B3BBAF00EB97C8 /* RegisterViewController.swift in Sources */ = {isa = PBXBuildFile; fileRef = FAD3B40529B3BBAF00EB97C8 /* RegisterViewController.swift */; };
		FAD3B40729B3BD8F00EB97C8 /* Montserrat-Bold.ttf in Resources */ = {isa = PBXBuildFile; fileRef = FADC2E5929B3911C00485933 /* Montserrat-Bold.ttf */; };
		FAD3B40929B3BF0E00EB97C8 /* Extensions.swift in Sources */ = {isa = PBXBuildFile; fileRef = FAD3B40829B3BF0E00EB97C8 /* Extensions.swift */; };
		FADC2E5F29B393F200485933 /* Colors.xcassets in Resources */ = {isa = PBXBuildFile; fileRef = FADC2E5E29B393F200485933 /* Colors.xcassets */; };
		FADC2E6129B39A8000485933 /* WelcomeViewController.swift in Sources */ = {isa = PBXBuildFile; fileRef = FADC2E6029B39A8000485933 /* WelcomeViewController.swift */; };
		FAE56B7D29C59BD200479D09 /* Home.storyboard in Resources */ = {isa = PBXBuildFile; fileRef = FAE56B7629C59BD200479D09 /* Home.storyboard */; };
		FAE56B7E29C59BD200479D09 /* HomeViewController.swift in Sources */ = {isa = PBXBuildFile; fileRef = FAE56B7729C59BD200479D09 /* HomeViewController.swift */; };
		FAE56B7F29C59BD200479D09 /* HomePresenter.swift in Sources */ = {isa = PBXBuildFile; fileRef = FAE56B7829C59BD200479D09 /* HomePresenter.swift */; };
		FAE56B8029C59BD200479D09 /* HomeInteractor.swift in Sources */ = {isa = PBXBuildFile; fileRef = FAE56B7929C59BD200479D09 /* HomeInteractor.swift */; };
		FAE56B8129C59BD200479D09 /* HomeModels.swift in Sources */ = {isa = PBXBuildFile; fileRef = FAE56B7A29C59BD200479D09 /* HomeModels.swift */; };
		FAE56B8229C59BD200479D09 /* HomeWorker.swift in Sources */ = {isa = PBXBuildFile; fileRef = FAE56B7B29C59BD200479D09 /* HomeWorker.swift */; };
		FAE56B8329C59BD200479D09 /* HomeRouter.swift in Sources */ = {isa = PBXBuildFile; fileRef = FAE56B7C29C59BD200479D09 /* HomeRouter.swift */; };
		FAF2BE9E29C7BD6B00D4C19B /* LoginEndpoint.swift in Sources */ = {isa = PBXBuildFile; fileRef = FAF2BE9D29C7BD6B00D4C19B /* LoginEndpoint.swift */; };
		FAF2BEA029C7C24A00D4C19B /* LoginResponse.swift in Sources */ = {isa = PBXBuildFile; fileRef = FAF2BE9F29C7C24A00D4C19B /* LoginResponse.swift */; };
		FAF2BEA829C7D59600D4C19B /* Login.storyboard in Resources */ = {isa = PBXBuildFile; fileRef = FAF2BEA129C7D59600D4C19B /* Login.storyboard */; };
		FAF2BEA929C7D59600D4C19B /* LoginViewController.swift in Sources */ = {isa = PBXBuildFile; fileRef = FAF2BEA229C7D59600D4C19B /* LoginViewController.swift */; };
		FAF2BEAA29C7D59600D4C19B /* LoginPresenter.swift in Sources */ = {isa = PBXBuildFile; fileRef = FAF2BEA329C7D59600D4C19B /* LoginPresenter.swift */; };
		FAF2BEAB29C7D59600D4C19B /* LoginInteractor.swift in Sources */ = {isa = PBXBuildFile; fileRef = FAF2BEA429C7D59600D4C19B /* LoginInteractor.swift */; };
		FAF2BEAC29C7D59600D4C19B /* LoginModels.swift in Sources */ = {isa = PBXBuildFile; fileRef = FAF2BEA529C7D59600D4C19B /* LoginModels.swift */; };
		FAF2BEAD29C7D59600D4C19B /* LoginWorker.swift in Sources */ = {isa = PBXBuildFile; fileRef = FAF2BEA629C7D59600D4C19B /* LoginWorker.swift */; };
		FAF2BEAE29C7D59600D4C19B /* LoginRouter.swift in Sources */ = {isa = PBXBuildFile; fileRef = FAF2BEA729C7D59600D4C19B /* LoginRouter.swift */; };
/* End PBXBuildFile section */

/* Begin PBXContainerItemProxy section */
		FACFF15829B35B7600E6B193 /* PBXContainerItemProxy */ = {
			isa = PBXContainerItemProxy;
			containerPortal = FACFF13929B35B7400E6B193 /* Project object */;
			proxyType = 1;
			remoteGlobalIDString = FACFF14029B35B7400E6B193;
			remoteInfo = "Mobven-Project";
		};
		FACFF16229B35B7700E6B193 /* PBXContainerItemProxy */ = {
			isa = PBXContainerItemProxy;
			containerPortal = FACFF13929B35B7400E6B193 /* Project object */;
			proxyType = 1;
			remoteGlobalIDString = FACFF14029B35B7400E6B193;
			remoteInfo = "Mobven-Project";
		};
/* End PBXContainerItemProxy section */

/* Begin PBXFileReference section */
		FA28459229C341D7005E3F9B /* Endpoint.swift */ = {isa = PBXFileReference; lastKnownFileType = sourcecode.swift; path = Endpoint.swift; sourceTree = "<group>"; };
		FA28459429C34250005E3F9B /* RequestMethod.swift */ = {isa = PBXFileReference; lastKnownFileType = sourcecode.swift; path = RequestMethod.swift; sourceTree = "<group>"; };
		FA28459629C34411005E3F9B /* AllGroupsEndpoint.swift */ = {isa = PBXFileReference; lastKnownFileType = sourcecode.swift; path = AllGroupsEndpoint.swift; sourceTree = "<group>"; };
		FA28459829C34C54005E3F9B /* HTTPClient.swift */ = {isa = PBXFileReference; lastKnownFileType = sourcecode.swift; path = HTTPClient.swift; sourceTree = "<group>"; };
		FA28459A29C34CF2005E3F9B /* RequestError.swift */ = {isa = PBXFileReference; lastKnownFileType = sourcecode.swift; path = RequestError.swift; sourceTree = "<group>"; };
		FA28459E29C354F3005E3F9B /* GetResponse.swift */ = {isa = PBXFileReference; lastKnownFileType = sourcecode.swift; path = GetResponse.swift; sourceTree = "<group>"; };
		FA34284329C2593C00F4FE39 /* ChatListTableViewCell.swift */ = {isa = PBXFileReference; lastKnownFileType = sourcecode.swift; path = ChatListTableViewCell.swift; sourceTree = "<group>"; };
		FA34284429C2593C00F4FE39 /* ChatListTableViewCell.xib */ = {isa = PBXFileReference; lastKnownFileType = file.xib; path = ChatListTableViewCell.xib; sourceTree = "<group>"; };
		FA8EA19D29B4BAC30074E79D /* VerificationViewController.swift */ = {isa = PBXFileReference; lastKnownFileType = sourcecode.swift; path = VerificationViewController.swift; sourceTree = "<group>"; };
		FA90B40A29B61AE800EC0D39 /* GradientButton.swift */ = {isa = PBXFileReference; lastKnownFileType = sourcecode.swift; path = GradientButton.swift; sourceTree = "<group>"; };
		FACFF14129B35B7400E6B193 /* MobvenDev.app */ = {isa = PBXFileReference; explicitFileType = wrapper.application; includeInIndex = 0; path = MobvenDev.app; sourceTree = BUILT_PRODUCTS_DIR; };
		FACFF14429B35B7400E6B193 /* AppDelegate.swift */ = {isa = PBXFileReference; lastKnownFileType = sourcecode.swift; path = AppDelegate.swift; sourceTree = "<group>"; };
		FACFF14629B35B7400E6B193 /* SceneDelegate.swift */ = {isa = PBXFileReference; lastKnownFileType = sourcecode.swift; path = SceneDelegate.swift; sourceTree = "<group>"; };
		FACFF14B29B35B7400E6B193 /* Base */ = {isa = PBXFileReference; lastKnownFileType = file.storyboard; name = Base; path = Base.lproj/Main.storyboard; sourceTree = "<group>"; };
		FACFF14D29B35B7600E6B193 /* Assets.xcassets */ = {isa = PBXFileReference; lastKnownFileType = folder.assetcatalog; path = Assets.xcassets; sourceTree = "<group>"; };
		FACFF15029B35B7600E6B193 /* Base */ = {isa = PBXFileReference; lastKnownFileType = file.storyboard; name = Base; path = Base.lproj/LaunchScreen.storyboard; sourceTree = "<group>"; };
		FACFF15229B35B7600E6B193 /* Info.plist */ = {isa = PBXFileReference; lastKnownFileType = text.plist.xml; path = Info.plist; sourceTree = "<group>"; };
		FACFF15729B35B7600E6B193 /* Mobven-ProjectTests.xctest */ = {isa = PBXFileReference; explicitFileType = wrapper.cfbundle; includeInIndex = 0; path = "Mobven-ProjectTests.xctest"; sourceTree = BUILT_PRODUCTS_DIR; };
		FACFF15B29B35B7700E6B193 /* Mobven_ProjectTests.swift */ = {isa = PBXFileReference; lastKnownFileType = sourcecode.swift; path = Mobven_ProjectTests.swift; sourceTree = "<group>"; };
		FACFF16129B35B7700E6B193 /* Mobven-ProjectUITests.xctest */ = {isa = PBXFileReference; explicitFileType = wrapper.cfbundle; includeInIndex = 0; path = "Mobven-ProjectUITests.xctest"; sourceTree = BUILT_PRODUCTS_DIR; };
		FACFF16529B35B7700E6B193 /* Mobven_ProjectUITests.swift */ = {isa = PBXFileReference; lastKnownFileType = sourcecode.swift; path = Mobven_ProjectUITests.swift; sourceTree = "<group>"; };
		FACFF16729B35B7700E6B193 /* Mobven_ProjectUITestsLaunchTests.swift */ = {isa = PBXFileReference; lastKnownFileType = sourcecode.swift; path = Mobven_ProjectUITestsLaunchTests.swift; sourceTree = "<group>"; };
		FACFF17529B35BF500E6B193 /* Development.xcconfig */ = {isa = PBXFileReference; lastKnownFileType = text.xcconfig; path = Development.xcconfig; sourceTree = "<group>"; };
		FACFF17629B35C0100E6B193 /* Production.xcconfig */ = {isa = PBXFileReference; lastKnownFileType = text.xcconfig; path = Production.xcconfig; sourceTree = "<group>"; };
		FAD3B40529B3BBAF00EB97C8 /* RegisterViewController.swift */ = {isa = PBXFileReference; lastKnownFileType = sourcecode.swift; path = RegisterViewController.swift; sourceTree = "<group>"; };
		FAD3B40829B3BF0E00EB97C8 /* Extensions.swift */ = {isa = PBXFileReference; lastKnownFileType = sourcecode.swift; path = Extensions.swift; sourceTree = "<group>"; };
		FADC2E4C29B3911C00485933 /* Montserrat-Thin.ttf */ = {isa = PBXFileReference; lastKnownFileType = file; path = "Montserrat-Thin.ttf"; sourceTree = "<group>"; };
		FADC2E4D29B3911C00485933 /* Montserrat-LightItalic.ttf */ = {isa = PBXFileReference; lastKnownFileType = file; path = "Montserrat-LightItalic.ttf"; sourceTree = "<group>"; };
		FADC2E4E29B3911C00485933 /* Montserrat-Regular.ttf */ = {isa = PBXFileReference; lastKnownFileType = file; path = "Montserrat-Regular.ttf"; sourceTree = "<group>"; };
		FADC2E4F29B3911C00485933 /* Montserrat-ExtraBold.ttf */ = {isa = PBXFileReference; lastKnownFileType = file; path = "Montserrat-ExtraBold.ttf"; sourceTree = "<group>"; };
		FADC2E5029B3911C00485933 /* Montserrat-MediumItalic.ttf */ = {isa = PBXFileReference; lastKnownFileType = file; path = "Montserrat-MediumItalic.ttf"; sourceTree = "<group>"; };
		FADC2E5129B3911C00485933 /* Montserrat-SemiBoldItalic.ttf */ = {isa = PBXFileReference; lastKnownFileType = file; path = "Montserrat-SemiBoldItalic.ttf"; sourceTree = "<group>"; };
		FADC2E5229B3911C00485933 /* Montserrat-BlackItalic.ttf */ = {isa = PBXFileReference; lastKnownFileType = file; path = "Montserrat-BlackItalic.ttf"; sourceTree = "<group>"; };
		FADC2E5329B3911C00485933 /* Montserrat-Black.ttf */ = {isa = PBXFileReference; lastKnownFileType = file; path = "Montserrat-Black.ttf"; sourceTree = "<group>"; };
		FADC2E5429B3911C00485933 /* Montserrat-SemiBold.ttf */ = {isa = PBXFileReference; lastKnownFileType = file; path = "Montserrat-SemiBold.ttf"; sourceTree = "<group>"; };
		FADC2E5529B3911C00485933 /* Montserrat-Italic.ttf */ = {isa = PBXFileReference; lastKnownFileType = file; path = "Montserrat-Italic.ttf"; sourceTree = "<group>"; };
		FADC2E5629B3911C00485933 /* Montserrat-Light.ttf */ = {isa = PBXFileReference; lastKnownFileType = file; path = "Montserrat-Light.ttf"; sourceTree = "<group>"; };
		FADC2E5729B3911C00485933 /* Montserrat-ExtraLightItalic.ttf */ = {isa = PBXFileReference; lastKnownFileType = file; path = "Montserrat-ExtraLightItalic.ttf"; sourceTree = "<group>"; };
		FADC2E5829B3911C00485933 /* Montserrat-ExtraLight.ttf */ = {isa = PBXFileReference; lastKnownFileType = file; path = "Montserrat-ExtraLight.ttf"; sourceTree = "<group>"; };
		FADC2E5929B3911C00485933 /* Montserrat-Bold.ttf */ = {isa = PBXFileReference; lastKnownFileType = file; path = "Montserrat-Bold.ttf"; sourceTree = "<group>"; };
		FADC2E5A29B3911D00485933 /* Montserrat-ThinItalic.ttf */ = {isa = PBXFileReference; lastKnownFileType = file; path = "Montserrat-ThinItalic.ttf"; sourceTree = "<group>"; };
		FADC2E5B29B3911D00485933 /* Montserrat-BoldItalic.ttf */ = {isa = PBXFileReference; lastKnownFileType = file; path = "Montserrat-BoldItalic.ttf"; sourceTree = "<group>"; };
		FADC2E5C29B3911D00485933 /* Montserrat-ExtraBoldItalic.ttf */ = {isa = PBXFileReference; lastKnownFileType = file; path = "Montserrat-ExtraBoldItalic.ttf"; sourceTree = "<group>"; };
		FADC2E5D29B3911D00485933 /* Montserrat-Medium.ttf */ = {isa = PBXFileReference; lastKnownFileType = file; path = "Montserrat-Medium.ttf"; sourceTree = "<group>"; };
		FADC2E5E29B393F200485933 /* Colors.xcassets */ = {isa = PBXFileReference; lastKnownFileType = folder.assetcatalog; path = Colors.xcassets; sourceTree = "<group>"; };
		FADC2E6029B39A8000485933 /* WelcomeViewController.swift */ = {isa = PBXFileReference; lastKnownFileType = sourcecode.swift; path = WelcomeViewController.swift; sourceTree = "<group>"; };
		FAE56B7629C59BD200479D09 /* Home.storyboard */ = {isa = PBXFileReference; lastKnownFileType = file.storyboard; path = Home.storyboard; sourceTree = "<group>"; };
		FAE56B7729C59BD200479D09 /* HomeViewController.swift */ = {isa = PBXFileReference; lastKnownFileType = sourcecode.swift; path = HomeViewController.swift; sourceTree = "<group>"; };
		FAE56B7829C59BD200479D09 /* HomePresenter.swift */ = {isa = PBXFileReference; lastKnownFileType = sourcecode.swift; path = HomePresenter.swift; sourceTree = "<group>"; };
		FAE56B7929C59BD200479D09 /* HomeInteractor.swift */ = {isa = PBXFileReference; lastKnownFileType = sourcecode.swift; path = HomeInteractor.swift; sourceTree = "<group>"; };
		FAE56B7A29C59BD200479D09 /* HomeModels.swift */ = {isa = PBXFileReference; lastKnownFileType = sourcecode.swift; path = HomeModels.swift; sourceTree = "<group>"; };
		FAE56B7B29C59BD200479D09 /* HomeWorker.swift */ = {isa = PBXFileReference; lastKnownFileType = sourcecode.swift; path = HomeWorker.swift; sourceTree = "<group>"; };
		FAE56B7C29C59BD200479D09 /* HomeRouter.swift */ = {isa = PBXFileReference; lastKnownFileType = sourcecode.swift; path = HomeRouter.swift; sourceTree = "<group>"; };
		FAF2BE9D29C7BD6B00D4C19B /* LoginEndpoint.swift */ = {isa = PBXFileReference; lastKnownFileType = sourcecode.swift; path = LoginEndpoint.swift; sourceTree = "<group>"; };
		FAF2BE9F29C7C24A00D4C19B /* LoginResponse.swift */ = {isa = PBXFileReference; lastKnownFileType = sourcecode.swift; path = LoginResponse.swift; sourceTree = "<group>"; };
		FAF2BEA129C7D59600D4C19B /* Login.storyboard */ = {isa = PBXFileReference; lastKnownFileType = file.storyboard; path = Login.storyboard; sourceTree = "<group>"; };
		FAF2BEA229C7D59600D4C19B /* LoginViewController.swift */ = {isa = PBXFileReference; lastKnownFileType = sourcecode.swift; path = LoginViewController.swift; sourceTree = "<group>"; };
		FAF2BEA329C7D59600D4C19B /* LoginPresenter.swift */ = {isa = PBXFileReference; lastKnownFileType = sourcecode.swift; path = LoginPresenter.swift; sourceTree = "<group>"; };
		FAF2BEA429C7D59600D4C19B /* LoginInteractor.swift */ = {isa = PBXFileReference; lastKnownFileType = sourcecode.swift; path = LoginInteractor.swift; sourceTree = "<group>"; };
		FAF2BEA529C7D59600D4C19B /* LoginModels.swift */ = {isa = PBXFileReference; lastKnownFileType = sourcecode.swift; path = LoginModels.swift; sourceTree = "<group>"; };
		FAF2BEA629C7D59600D4C19B /* LoginWorker.swift */ = {isa = PBXFileReference; lastKnownFileType = sourcecode.swift; path = LoginWorker.swift; sourceTree = "<group>"; };
		FAF2BEA729C7D59600D4C19B /* LoginRouter.swift */ = {isa = PBXFileReference; lastKnownFileType = sourcecode.swift; path = LoginRouter.swift; sourceTree = "<group>"; };
/* End PBXFileReference section */

/* Begin PBXFrameworksBuildPhase section */
		FACFF13E29B35B7400E6B193 /* Frameworks */ = {
			isa = PBXFrameworksBuildPhase;
			buildActionMask = 2147483647;
			files = (
			);
			runOnlyForDeploymentPostprocessing = 0;
		};
		FACFF15429B35B7600E6B193 /* Frameworks */ = {
			isa = PBXFrameworksBuildPhase;
			buildActionMask = 2147483647;
			files = (
			);
			runOnlyForDeploymentPostprocessing = 0;
		};
		FACFF15E29B35B7700E6B193 /* Frameworks */ = {
			isa = PBXFrameworksBuildPhase;
			buildActionMask = 2147483647;
			files = (
			);
			runOnlyForDeploymentPostprocessing = 0;
		};
/* End PBXFrameworksBuildPhase section */

/* Begin PBXGroup section */
		FA15B8BC29B51C280010F3A3 /* Views */ = {
			isa = PBXGroup;
			children = (
				FA28458929C340AB005E3F9B /* WelcomeView */,
				FA28458A29C340B6005E3F9B /* RegisterView */,
				FA28458B29C340CE005E3F9B /* LoginView */,
				FA28458C29C340DE005E3F9B /* VerificationView */,
				FA28458629C33E0D005E3F9B /* HomeView */,
			);
			path = Views;
			sourceTree = "<group>";
		};
		FA28458629C33E0D005E3F9B /* HomeView */ = {
			isa = PBXGroup;
			children = (
				FA34284229C257C300F4FE39 /* Cell */,
				FAE56B7629C59BD200479D09 /* Home.storyboard */,
				FAE56B7729C59BD200479D09 /* HomeViewController.swift */,
				FAE56B7829C59BD200479D09 /* HomePresenter.swift */,
				FAE56B7929C59BD200479D09 /* HomeInteractor.swift */,
				FAE56B7A29C59BD200479D09 /* HomeModels.swift */,
				FAE56B7B29C59BD200479D09 /* HomeWorker.swift */,
				FAE56B7C29C59BD200479D09 /* HomeRouter.swift */,
			);
			path = HomeView;
			sourceTree = "<group>";
		};
		FA28458929C340AB005E3F9B /* WelcomeView */ = {
			isa = PBXGroup;
			children = (
				FADC2E6029B39A8000485933 /* WelcomeViewController.swift */,
			);
			path = WelcomeView;
			sourceTree = "<group>";
		};
		FA28458A29C340B6005E3F9B /* RegisterView */ = {
			isa = PBXGroup;
			children = (
				FAD3B40529B3BBAF00EB97C8 /* RegisterViewController.swift */,
			);
			path = RegisterView;
			sourceTree = "<group>";
		};
		FA28458B29C340CE005E3F9B /* LoginView */ = {
			isa = PBXGroup;
			children = (
				FAF2BEA129C7D59600D4C19B /* Login.storyboard */,
				FAF2BEA229C7D59600D4C19B /* LoginViewController.swift */,
				FAF2BEA329C7D59600D4C19B /* LoginPresenter.swift */,
				FAF2BEA429C7D59600D4C19B /* LoginInteractor.swift */,
				FAF2BEA529C7D59600D4C19B /* LoginModels.swift */,
				FAF2BEA629C7D59600D4C19B /* LoginWorker.swift */,
				FAF2BEA729C7D59600D4C19B /* LoginRouter.swift */,
			);
			path = LoginView;
			sourceTree = "<group>";
		};
		FA28458C29C340DE005E3F9B /* VerificationView */ = {
			isa = PBXGroup;
			children = (
				FA8EA19D29B4BAC30074E79D /* VerificationViewController.swift */,
			);
			path = VerificationView;
			sourceTree = "<group>";
		};
		FA28458D29C34108005E3F9B /* Networking */ = {
			isa = PBXGroup;
			children = (
				FA28458E29C34132005E3F9B /* API */,
				FA28459029C3415D005E3F9B /* ResponseModel */,
				FA28459129C34175005E3F9B /* Endpoint */,
				FA28459429C34250005E3F9B /* RequestMethod.swift */,
				FA28459A29C34CF2005E3F9B /* RequestError.swift */,
			);
			path = Networking;
			sourceTree = "<group>";
		};
		FA28458E29C34132005E3F9B /* API */ = {
			isa = PBXGroup;
			children = (
				FA28459829C34C54005E3F9B /* HTTPClient.swift */,
			);
			path = API;
			sourceTree = "<group>";
		};
		FA28459029C3415D005E3F9B /* ResponseModel */ = {
			isa = PBXGroup;
			children = (
				FA28459E29C354F3005E3F9B /* GetResponse.swift */,
				FAF2BE9F29C7C24A00D4C19B /* LoginResponse.swift */,
			);
			path = ResponseModel;
			sourceTree = "<group>";
		};
		FA28459129C34175005E3F9B /* Endpoint */ = {
			isa = PBXGroup;
			children = (
				FA28459229C341D7005E3F9B /* Endpoint.swift */,
				FA28459629C34411005E3F9B /* AllGroupsEndpoint.swift */,
				FAF2BE9D29C7BD6B00D4C19B /* LoginEndpoint.swift */,
			);
			path = Endpoint;
			sourceTree = "<group>";
		};
		FA34284229C257C300F4FE39 /* Cell */ = {
			isa = PBXGroup;
			children = (
				FA34284329C2593C00F4FE39 /* ChatListTableViewCell.swift */,
				FA34284429C2593C00F4FE39 /* ChatListTableViewCell.xib */,
			);
			path = Cell;
			sourceTree = "<group>";
		};
		FACFF13829B35B7400E6B193 = {
			isa = PBXGroup;
			children = (
				FACFF17429B35BE100E6B193 /* Configuration */,
				FACFF14329B35B7400E6B193 /* Mobven-Project */,
				FACFF15A29B35B7600E6B193 /* Mobven-ProjectTests */,
				FACFF16429B35B7700E6B193 /* Mobven-ProjectUITests */,
				FACFF14229B35B7400E6B193 /* Products */,
			);
			sourceTree = "<group>";
		};
		FACFF14229B35B7400E6B193 /* Products */ = {
			isa = PBXGroup;
			children = (
				FACFF14129B35B7400E6B193 /* MobvenDev.app */,
				FACFF15729B35B7600E6B193 /* Mobven-ProjectTests.xctest */,
				FACFF16129B35B7700E6B193 /* Mobven-ProjectUITests.xctest */,
			);
			name = Products;
			sourceTree = "<group>";
		};
		FACFF14329B35B7400E6B193 /* Mobven-Project */ = {
			isa = PBXGroup;
			children = (
				FADC2E4A29B3887100485933 /* Common */,
				FA28458D29C34108005E3F9B /* Networking */,
				FA15B8BC29B51C280010F3A3 /* Views */,
				FAD3B40829B3BF0E00EB97C8 /* Extensions.swift */,
				FA90B40A29B61AE800EC0D39 /* GradientButton.swift */,
				FACFF15229B35B7600E6B193 /* Info.plist */,
			);
			path = "Mobven-Project";
			sourceTree = "<group>";
		};
		FACFF15A29B35B7600E6B193 /* Mobven-ProjectTests */ = {
			isa = PBXGroup;
			children = (
				FACFF15B29B35B7700E6B193 /* Mobven_ProjectTests.swift */,
			);
			path = "Mobven-ProjectTests";
			sourceTree = "<group>";
		};
		FACFF16429B35B7700E6B193 /* Mobven-ProjectUITests */ = {
			isa = PBXGroup;
			children = (
				FACFF16529B35B7700E6B193 /* Mobven_ProjectUITests.swift */,
				FACFF16729B35B7700E6B193 /* Mobven_ProjectUITestsLaunchTests.swift */,
			);
			path = "Mobven-ProjectUITests";
			sourceTree = "<group>";
		};
		FACFF17429B35BE100E6B193 /* Configuration */ = {
			isa = PBXGroup;
			children = (
				FACFF17529B35BF500E6B193 /* Development.xcconfig */,
				FACFF17629B35C0100E6B193 /* Production.xcconfig */,
			);
			path = Configuration;
			sourceTree = "<group>";
		};
		FADC2E4A29B3887100485933 /* Common */ = {
			isa = PBXGroup;
			children = (
				FACFF14429B35B7400E6B193 /* AppDelegate.swift */,
				FACFF14629B35B7400E6B193 /* SceneDelegate.swift */,
				FACFF14A29B35B7400E6B193 /* Main.storyboard */,
				FACFF14D29B35B7600E6B193 /* Assets.xcassets */,
				FADC2E5E29B393F200485933 /* Colors.xcassets */,
				FADC2E4B29B390BB00485933 /* Fonts */,
				FACFF14F29B35B7600E6B193 /* LaunchScreen.storyboard */,
			);
			path = Common;
			sourceTree = "<group>";
		};
		FADC2E4B29B390BB00485933 /* Fonts */ = {
			isa = PBXGroup;
			children = (
				FADC2E5329B3911C00485933 /* Montserrat-Black.ttf */,
				FADC2E5229B3911C00485933 /* Montserrat-BlackItalic.ttf */,
				FADC2E5929B3911C00485933 /* Montserrat-Bold.ttf */,
				FADC2E5B29B3911D00485933 /* Montserrat-BoldItalic.ttf */,
				FADC2E4F29B3911C00485933 /* Montserrat-ExtraBold.ttf */,
				FADC2E5C29B3911D00485933 /* Montserrat-ExtraBoldItalic.ttf */,
				FADC2E5829B3911C00485933 /* Montserrat-ExtraLight.ttf */,
				FADC2E5729B3911C00485933 /* Montserrat-ExtraLightItalic.ttf */,
				FADC2E5529B3911C00485933 /* Montserrat-Italic.ttf */,
				FADC2E5629B3911C00485933 /* Montserrat-Light.ttf */,
				FADC2E4D29B3911C00485933 /* Montserrat-LightItalic.ttf */,
				FADC2E5D29B3911D00485933 /* Montserrat-Medium.ttf */,
				FADC2E5029B3911C00485933 /* Montserrat-MediumItalic.ttf */,
				FADC2E4E29B3911C00485933 /* Montserrat-Regular.ttf */,
				FADC2E5429B3911C00485933 /* Montserrat-SemiBold.ttf */,
				FADC2E5129B3911C00485933 /* Montserrat-SemiBoldItalic.ttf */,
				FADC2E4C29B3911C00485933 /* Montserrat-Thin.ttf */,
				FADC2E5A29B3911D00485933 /* Montserrat-ThinItalic.ttf */,
			);
			path = Fonts;
			sourceTree = "<group>";
		};
/* End PBXGroup section */

/* Begin PBXNativeTarget section */
		FACFF14029B35B7400E6B193 /* Mobven-Project */ = {
			isa = PBXNativeTarget;
			buildConfigurationList = FACFF16B29B35B7700E6B193 /* Build configuration list for PBXNativeTarget "Mobven-Project" */;
			buildPhases = (
				FACFF13D29B35B7400E6B193 /* Sources */,
				FACFF13E29B35B7400E6B193 /* Frameworks */,
				FACFF13F29B35B7400E6B193 /* Resources */,
			);
			buildRules = (
			);
			dependencies = (
			);
			name = "Mobven-Project";
			productName = "Mobven-Project";
			productReference = FACFF14129B35B7400E6B193 /* MobvenDev.app */;
			productType = "com.apple.product-type.application";
		};
		FACFF15629B35B7600E6B193 /* Mobven-ProjectTests */ = {
			isa = PBXNativeTarget;
			buildConfigurationList = FACFF16E29B35B7700E6B193 /* Build configuration list for PBXNativeTarget "Mobven-ProjectTests" */;
			buildPhases = (
				FACFF15329B35B7600E6B193 /* Sources */,
				FACFF15429B35B7600E6B193 /* Frameworks */,
				FACFF15529B35B7600E6B193 /* Resources */,
			);
			buildRules = (
			);
			dependencies = (
				FACFF15929B35B7600E6B193 /* PBXTargetDependency */,
			);
			name = "Mobven-ProjectTests";
			productName = "Mobven-ProjectTests";
			productReference = FACFF15729B35B7600E6B193 /* Mobven-ProjectTests.xctest */;
			productType = "com.apple.product-type.bundle.unit-test";
		};
		FACFF16029B35B7700E6B193 /* Mobven-ProjectUITests */ = {
			isa = PBXNativeTarget;
			buildConfigurationList = FACFF17129B35B7700E6B193 /* Build configuration list for PBXNativeTarget "Mobven-ProjectUITests" */;
			buildPhases = (
				FACFF15D29B35B7700E6B193 /* Sources */,
				FACFF15E29B35B7700E6B193 /* Frameworks */,
				FACFF15F29B35B7700E6B193 /* Resources */,
			);
			buildRules = (
			);
			dependencies = (
				FACFF16329B35B7700E6B193 /* PBXTargetDependency */,
			);
			name = "Mobven-ProjectUITests";
			productName = "Mobven-ProjectUITests";
			productReference = FACFF16129B35B7700E6B193 /* Mobven-ProjectUITests.xctest */;
			productType = "com.apple.product-type.bundle.ui-testing";
		};
/* End PBXNativeTarget section */

/* Begin PBXProject section */
		FACFF13929B35B7400E6B193 /* Project object */ = {
			isa = PBXProject;
			attributes = {
				BuildIndependentTargetsInParallel = 1;
				LastSwiftUpdateCheck = 1400;
				LastUpgradeCheck = 1400;
				TargetAttributes = {
					FACFF14029B35B7400E6B193 = {
						CreatedOnToolsVersion = 14.0.1;
					};
					FACFF15629B35B7600E6B193 = {
						CreatedOnToolsVersion = 14.0.1;
						TestTargetID = FACFF14029B35B7400E6B193;
					};
					FACFF16029B35B7700E6B193 = {
						CreatedOnToolsVersion = 14.0.1;
						TestTargetID = FACFF14029B35B7400E6B193;
					};
				};
			};
			buildConfigurationList = FACFF13C29B35B7400E6B193 /* Build configuration list for PBXProject "Mobven-Project" */;
			compatibilityVersion = "Xcode 14.0";
			developmentRegion = en;
			hasScannedForEncodings = 0;
			knownRegions = (
				en,
				Base,
			);
			mainGroup = FACFF13829B35B7400E6B193;
			productRefGroup = FACFF14229B35B7400E6B193 /* Products */;
			projectDirPath = "";
			projectRoot = "";
			targets = (
				FACFF14029B35B7400E6B193 /* Mobven-Project */,
				FACFF15629B35B7600E6B193 /* Mobven-ProjectTests */,
				FACFF16029B35B7700E6B193 /* Mobven-ProjectUITests */,
			);
		};
/* End PBXProject section */

/* Begin PBXResourcesBuildPhase section */
		FACFF13F29B35B7400E6B193 /* Resources */ = {
			isa = PBXResourcesBuildPhase;
			buildActionMask = 2147483647;
			files = (
				FA2B7AE029B3E028008D3036 /* Montserrat-Regular.ttf in Resources */,
				FA34284629C2593C00F4FE39 /* ChatListTableViewCell.xib in Resources */,
				FAD3B40729B3BD8F00EB97C8 /* Montserrat-Bold.ttf in Resources */,
				FACFF15129B35B7600E6B193 /* LaunchScreen.storyboard in Resources */,
				FADC2E5F29B393F200485933 /* Colors.xcassets in Resources */,
				FACFF14E29B35B7600E6B193 /* Assets.xcassets in Resources */,
				FACFF14C29B35B7400E6B193 /* Main.storyboard in Resources */,
				FAE56B7D29C59BD200479D09 /* Home.storyboard in Resources */,
				FAF2BEA829C7D59600D4C19B /* Login.storyboard in Resources */,
			);
			runOnlyForDeploymentPostprocessing = 0;
		};
		FACFF15529B35B7600E6B193 /* Resources */ = {
			isa = PBXResourcesBuildPhase;
			buildActionMask = 2147483647;
			files = (
			);
			runOnlyForDeploymentPostprocessing = 0;
		};
		FACFF15F29B35B7700E6B193 /* Resources */ = {
			isa = PBXResourcesBuildPhase;
			buildActionMask = 2147483647;
			files = (
			);
			runOnlyForDeploymentPostprocessing = 0;
		};
/* End PBXResourcesBuildPhase section */

/* Begin PBXSourcesBuildPhase section */
		FACFF13D29B35B7400E6B193 /* Sources */ = {
			isa = PBXSourcesBuildPhase;
			buildActionMask = 2147483647;
			files = (
				FA90B40B29B61AE800EC0D39 /* GradientButton.swift in Sources */,
				FA34284529C2593C00F4FE39 /* ChatListTableViewCell.swift in Sources */,
				FADC2E6129B39A8000485933 /* WelcomeViewController.swift in Sources */,
				FA28459529C34250005E3F9B /* RequestMethod.swift in Sources */,
				FACFF14529B35B7400E6B193 /* AppDelegate.swift in Sources */,
				FAD3B40929B3BF0E00EB97C8 /* Extensions.swift in Sources */,
				FAF2BEAD29C7D59600D4C19B /* LoginWorker.swift in Sources */,
				FAF2BEAE29C7D59600D4C19B /* LoginRouter.swift in Sources */,
				FA28459729C34411005E3F9B /* AllGroupsEndpoint.swift in Sources */,
				FAF2BEAA29C7D59600D4C19B /* LoginPresenter.swift in Sources */,
				FAF2BEAC29C7D59600D4C19B /* LoginModels.swift in Sources */,
				FACFF14729B35B7400E6B193 /* SceneDelegate.swift in Sources */,
				FA28459929C34C54005E3F9B /* HTTPClient.swift in Sources */,
				FAE56B8129C59BD200479D09 /* HomeModels.swift in Sources */,
				FA28459F29C354F3005E3F9B /* GetResponse.swift in Sources */,
				FAF2BEA929C7D59600D4C19B /* LoginViewController.swift in Sources */,
				FAE56B7F29C59BD200479D09 /* HomePresenter.swift in Sources */,
				FAF2BEA029C7C24A00D4C19B /* LoginResponse.swift in Sources */,
				FAF2BEAB29C7D59600D4C19B /* LoginInteractor.swift in Sources */,
				FAE56B7E29C59BD200479D09 /* HomeViewController.swift in Sources */,
				FA28459B29C34CF2005E3F9B /* RequestError.swift in Sources */,
				FA8EA19E29B4BAC30074E79D /* VerificationViewController.swift in Sources */,
				FAE56B8329C59BD200479D09 /* HomeRouter.swift in Sources */,
				FAE56B8029C59BD200479D09 /* HomeInteractor.swift in Sources */,
				FAF2BE9E29C7BD6B00D4C19B /* LoginEndpoint.swift in Sources */,
				FA28459329C341D7005E3F9B /* Endpoint.swift in Sources */,
				FAE56B8229C59BD200479D09 /* HomeWorker.swift in Sources */,
				FAD3B40629B3BBAF00EB97C8 /* RegisterViewController.swift in Sources */,
			);
			runOnlyForDeploymentPostprocessing = 0;
		};
		FACFF15329B35B7600E6B193 /* Sources */ = {
			isa = PBXSourcesBuildPhase;
			buildActionMask = 2147483647;
			files = (
				FACFF15C29B35B7700E6B193 /* Mobven_ProjectTests.swift in Sources */,
			);
			runOnlyForDeploymentPostprocessing = 0;
		};
		FACFF15D29B35B7700E6B193 /* Sources */ = {
			isa = PBXSourcesBuildPhase;
			buildActionMask = 2147483647;
			files = (
				FACFF16629B35B7700E6B193 /* Mobven_ProjectUITests.swift in Sources */,
				FACFF16829B35B7700E6B193 /* Mobven_ProjectUITestsLaunchTests.swift in Sources */,
			);
			runOnlyForDeploymentPostprocessing = 0;
		};
/* End PBXSourcesBuildPhase section */

/* Begin PBXTargetDependency section */
		FACFF15929B35B7600E6B193 /* PBXTargetDependency */ = {
			isa = PBXTargetDependency;
			target = FACFF14029B35B7400E6B193 /* Mobven-Project */;
			targetProxy = FACFF15829B35B7600E6B193 /* PBXContainerItemProxy */;
		};
		FACFF16329B35B7700E6B193 /* PBXTargetDependency */ = {
			isa = PBXTargetDependency;
			target = FACFF14029B35B7400E6B193 /* Mobven-Project */;
			targetProxy = FACFF16229B35B7700E6B193 /* PBXContainerItemProxy */;
		};
/* End PBXTargetDependency section */

/* Begin PBXVariantGroup section */
		FACFF14A29B35B7400E6B193 /* Main.storyboard */ = {
			isa = PBXVariantGroup;
			children = (
				FACFF14B29B35B7400E6B193 /* Base */,
			);
			name = Main.storyboard;
			sourceTree = "<group>";
		};
		FACFF14F29B35B7600E6B193 /* LaunchScreen.storyboard */ = {
			isa = PBXVariantGroup;
			children = (
				FACFF15029B35B7600E6B193 /* Base */,
			);
			name = LaunchScreen.storyboard;
			sourceTree = "<group>";
		};
/* End PBXVariantGroup section */

/* Begin XCBuildConfiguration section */
		FACFF16929B35B7700E6B193 /* DevelopmentDebug */ = {
			isa = XCBuildConfiguration;
			baseConfigurationReference = FACFF17529B35BF500E6B193 /* Development.xcconfig */;
			buildSettings = {
				ALWAYS_SEARCH_USER_PATHS = NO;
				CLANG_ANALYZER_NONNULL = YES;
				CLANG_ANALYZER_NUMBER_OBJECT_CONVERSION = YES_AGGRESSIVE;
				CLANG_CXX_LANGUAGE_STANDARD = "gnu++20";
				CLANG_ENABLE_MODULES = YES;
				CLANG_ENABLE_OBJC_ARC = YES;
				CLANG_ENABLE_OBJC_WEAK = YES;
				CLANG_WARN_BLOCK_CAPTURE_AUTORELEASING = YES;
				CLANG_WARN_BOOL_CONVERSION = YES;
				CLANG_WARN_COMMA = YES;
				CLANG_WARN_CONSTANT_CONVERSION = YES;
				CLANG_WARN_DEPRECATED_OBJC_IMPLEMENTATIONS = YES;
				CLANG_WARN_DIRECT_OBJC_ISA_USAGE = YES_ERROR;
				CLANG_WARN_DOCUMENTATION_COMMENTS = YES;
				CLANG_WARN_EMPTY_BODY = YES;
				CLANG_WARN_ENUM_CONVERSION = YES;
				CLANG_WARN_INFINITE_RECURSION = YES;
				CLANG_WARN_INT_CONVERSION = YES;
				CLANG_WARN_NON_LITERAL_NULL_CONVERSION = YES;
				CLANG_WARN_OBJC_IMPLICIT_RETAIN_SELF = YES;
				CLANG_WARN_OBJC_LITERAL_CONVERSION = YES;
				CLANG_WARN_OBJC_ROOT_CLASS = YES_ERROR;
				CLANG_WARN_QUOTED_INCLUDE_IN_FRAMEWORK_HEADER = YES;
				CLANG_WARN_RANGE_LOOP_ANALYSIS = YES;
				CLANG_WARN_STRICT_PROTOTYPES = YES;
				CLANG_WARN_SUSPICIOUS_MOVE = YES;
				CLANG_WARN_UNGUARDED_AVAILABILITY = YES_AGGRESSIVE;
				CLANG_WARN_UNREACHABLE_CODE = YES;
				CLANG_WARN__DUPLICATE_METHOD_MATCH = YES;
				COPY_PHASE_STRIP = NO;
				DEBUG_INFORMATION_FORMAT = dwarf;
				ENABLE_STRICT_OBJC_MSGSEND = YES;
				ENABLE_TESTABILITY = YES;
				GCC_C_LANGUAGE_STANDARD = gnu11;
				GCC_DYNAMIC_NO_PIC = NO;
				GCC_NO_COMMON_BLOCKS = YES;
				GCC_OPTIMIZATION_LEVEL = 0;
				GCC_PREPROCESSOR_DEFINITIONS = (
					"DEBUG=1",
					"$(inherited)",
				);
				GCC_WARN_64_TO_32_BIT_CONVERSION = YES;
				GCC_WARN_ABOUT_RETURN_TYPE = YES_ERROR;
				GCC_WARN_UNDECLARED_SELECTOR = YES;
				GCC_WARN_UNINITIALIZED_AUTOS = YES_AGGRESSIVE;
				GCC_WARN_UNUSED_FUNCTION = YES;
				GCC_WARN_UNUSED_VARIABLE = YES;
				IPHONEOS_DEPLOYMENT_TARGET = 16.0;
				MTL_ENABLE_DEBUG_INFO = INCLUDE_SOURCE;
				MTL_FAST_MATH = YES;
				ONLY_ACTIVE_ARCH = YES;
				SDKROOT = iphoneos;
				SWIFT_ACTIVE_COMPILATION_CONDITIONS = DEBUG;
				SWIFT_OPTIMIZATION_LEVEL = "-Onone";
			};
			name = DevelopmentDebug;
		};
		FACFF16A29B35B7700E6B193 /* DevelopmentRelease */ = {
			isa = XCBuildConfiguration;
			baseConfigurationReference = FACFF17529B35BF500E6B193 /* Development.xcconfig */;
			buildSettings = {
				ALWAYS_SEARCH_USER_PATHS = NO;
				CLANG_ANALYZER_NONNULL = YES;
				CLANG_ANALYZER_NUMBER_OBJECT_CONVERSION = YES_AGGRESSIVE;
				CLANG_CXX_LANGUAGE_STANDARD = "gnu++20";
				CLANG_ENABLE_MODULES = YES;
				CLANG_ENABLE_OBJC_ARC = YES;
				CLANG_ENABLE_OBJC_WEAK = YES;
				CLANG_WARN_BLOCK_CAPTURE_AUTORELEASING = YES;
				CLANG_WARN_BOOL_CONVERSION = YES;
				CLANG_WARN_COMMA = YES;
				CLANG_WARN_CONSTANT_CONVERSION = YES;
				CLANG_WARN_DEPRECATED_OBJC_IMPLEMENTATIONS = YES;
				CLANG_WARN_DIRECT_OBJC_ISA_USAGE = YES_ERROR;
				CLANG_WARN_DOCUMENTATION_COMMENTS = YES;
				CLANG_WARN_EMPTY_BODY = YES;
				CLANG_WARN_ENUM_CONVERSION = YES;
				CLANG_WARN_INFINITE_RECURSION = YES;
				CLANG_WARN_INT_CONVERSION = YES;
				CLANG_WARN_NON_LITERAL_NULL_CONVERSION = YES;
				CLANG_WARN_OBJC_IMPLICIT_RETAIN_SELF = YES;
				CLANG_WARN_OBJC_LITERAL_CONVERSION = YES;
				CLANG_WARN_OBJC_ROOT_CLASS = YES_ERROR;
				CLANG_WARN_QUOTED_INCLUDE_IN_FRAMEWORK_HEADER = YES;
				CLANG_WARN_RANGE_LOOP_ANALYSIS = YES;
				CLANG_WARN_STRICT_PROTOTYPES = YES;
				CLANG_WARN_SUSPICIOUS_MOVE = YES;
				CLANG_WARN_UNGUARDED_AVAILABILITY = YES_AGGRESSIVE;
				CLANG_WARN_UNREACHABLE_CODE = YES;
				CLANG_WARN__DUPLICATE_METHOD_MATCH = YES;
				COPY_PHASE_STRIP = NO;
				DEBUG_INFORMATION_FORMAT = "dwarf-with-dsym";
				ENABLE_NS_ASSERTIONS = NO;
				ENABLE_STRICT_OBJC_MSGSEND = YES;
				GCC_C_LANGUAGE_STANDARD = gnu11;
				GCC_NO_COMMON_BLOCKS = YES;
				GCC_WARN_64_TO_32_BIT_CONVERSION = YES;
				GCC_WARN_ABOUT_RETURN_TYPE = YES_ERROR;
				GCC_WARN_UNDECLARED_SELECTOR = YES;
				GCC_WARN_UNINITIALIZED_AUTOS = YES_AGGRESSIVE;
				GCC_WARN_UNUSED_FUNCTION = YES;
				GCC_WARN_UNUSED_VARIABLE = YES;
				IPHONEOS_DEPLOYMENT_TARGET = 16.0;
				MTL_ENABLE_DEBUG_INFO = NO;
				MTL_FAST_MATH = YES;
				SDKROOT = iphoneos;
				SWIFT_COMPILATION_MODE = wholemodule;
				SWIFT_OPTIMIZATION_LEVEL = "-O";
				VALIDATE_PRODUCT = YES;
			};
			name = DevelopmentRelease;
		};
		FACFF16C29B35B7700E6B193 /* DevelopmentDebug */ = {
			isa = XCBuildConfiguration;
			baseConfigurationReference = FACFF17529B35BF500E6B193 /* Development.xcconfig */;
			buildSettings = {
				ASSETCATALOG_COMPILER_APPICON_NAME = AppIcon;
				ASSETCATALOG_COMPILER_GLOBAL_ACCENT_COLOR_NAME = AccentColor;
				CODE_SIGN_STYLE = Automatic;
				CURRENT_PROJECT_VERSION = 1;
				DEVELOPMENT_TEAM = TBXF7RJBHZ;
				GENERATE_INFOPLIST_FILE = YES;
				INFOPLIST_FILE = "Mobven-Project/Info.plist";
				INFOPLIST_KEY_UIApplicationSupportsIndirectInputEvents = YES;
				INFOPLIST_KEY_UILaunchStoryboardName = LaunchScreen.storyboard;
				INFOPLIST_KEY_UIMainStoryboardFile = Main;
				INFOPLIST_KEY_UISupportedInterfaceOrientations_iPad = "UIInterfaceOrientationPortrait UIInterfaceOrientationPortraitUpsideDown UIInterfaceOrientationLandscapeLeft UIInterfaceOrientationLandscapeRight";
				INFOPLIST_KEY_UISupportedInterfaceOrientations_iPhone = "UIInterfaceOrientationPortrait UIInterfaceOrientationLandscapeLeft UIInterfaceOrientationLandscapeRight";
				IPHONEOS_DEPLOYMENT_TARGET = 15.6;
				LD_RUNPATH_SEARCH_PATHS = (
					"$(inherited)",
					"@executable_path/Frameworks",
				);
				MARKETING_VERSION = 1.0;
				PRODUCT_BUNDLE_IDENTIFIER = "$(BUNDLE_ID)";
				PRODUCT_NAME = "$(APP_NAME)";
				SWIFT_EMIT_LOC_STRINGS = YES;
				SWIFT_VERSION = 5.0;
				TARGETED_DEVICE_FAMILY = "1,2";
			};
			name = DevelopmentDebug;
		};
		FACFF16D29B35B7700E6B193 /* DevelopmentRelease */ = {
			isa = XCBuildConfiguration;
			baseConfigurationReference = FACFF17529B35BF500E6B193 /* Development.xcconfig */;
			buildSettings = {
				ASSETCATALOG_COMPILER_APPICON_NAME = AppIcon;
				ASSETCATALOG_COMPILER_GLOBAL_ACCENT_COLOR_NAME = AccentColor;
				CODE_SIGN_STYLE = Automatic;
				CURRENT_PROJECT_VERSION = 1;
				DEVELOPMENT_TEAM = TBXF7RJBHZ;
				GENERATE_INFOPLIST_FILE = YES;
				INFOPLIST_FILE = "Mobven-Project/Info.plist";
				INFOPLIST_KEY_UIApplicationSupportsIndirectInputEvents = YES;
				INFOPLIST_KEY_UILaunchStoryboardName = LaunchScreen.storyboard;
				INFOPLIST_KEY_UIMainStoryboardFile = Main;
				INFOPLIST_KEY_UISupportedInterfaceOrientations_iPad = "UIInterfaceOrientationPortrait UIInterfaceOrientationPortraitUpsideDown UIInterfaceOrientationLandscapeLeft UIInterfaceOrientationLandscapeRight";
				INFOPLIST_KEY_UISupportedInterfaceOrientations_iPhone = "UIInterfaceOrientationPortrait UIInterfaceOrientationLandscapeLeft UIInterfaceOrientationLandscapeRight";
				IPHONEOS_DEPLOYMENT_TARGET = 15.6;
				LD_RUNPATH_SEARCH_PATHS = (
					"$(inherited)",
					"@executable_path/Frameworks",
				);
				MARKETING_VERSION = 1.0;
				PRODUCT_BUNDLE_IDENTIFIER = "$(BUNDLE_ID)";
				PRODUCT_NAME = "$(APP_NAME)";
				SWIFT_EMIT_LOC_STRINGS = YES;
				SWIFT_VERSION = 5.0;
				TARGETED_DEVICE_FAMILY = "1,2";
			};
			name = DevelopmentRelease;
		};
		FACFF16F29B35B7700E6B193 /* DevelopmentDebug */ = {
			isa = XCBuildConfiguration;
			baseConfigurationReference = FACFF17529B35BF500E6B193 /* Development.xcconfig */;
			buildSettings = {
				ALWAYS_EMBED_SWIFT_STANDARD_LIBRARIES = YES;
				BUNDLE_LOADER = "$(TEST_HOST)";
				CODE_SIGN_STYLE = Automatic;
				CURRENT_PROJECT_VERSION = 1;
				DEVELOPMENT_TEAM = TBXF7RJBHZ;
				GENERATE_INFOPLIST_FILE = YES;
				IPHONEOS_DEPLOYMENT_TARGET = 16.0;
				MARKETING_VERSION = 1.0;
				PRODUCT_BUNDLE_IDENTIFIER = "com.mobven.Mobven-ProjectTests";
				PRODUCT_NAME = "$(TARGET_NAME)";
				SWIFT_EMIT_LOC_STRINGS = NO;
				SWIFT_VERSION = 5.0;
				TARGETED_DEVICE_FAMILY = "1,2";
				TEST_HOST = "$(BUILT_PRODUCTS_DIR)/Mobven-Project.app/$(BUNDLE_EXECUTABLE_FOLDER_PATH)/Mobven-Project";
			};
			name = DevelopmentDebug;
		};
		FACFF17029B35B7700E6B193 /* DevelopmentRelease */ = {
			isa = XCBuildConfiguration;
			baseConfigurationReference = FACFF17529B35BF500E6B193 /* Development.xcconfig */;
			buildSettings = {
				ALWAYS_EMBED_SWIFT_STANDARD_LIBRARIES = YES;
				BUNDLE_LOADER = "$(TEST_HOST)";
				CODE_SIGN_STYLE = Automatic;
				CURRENT_PROJECT_VERSION = 1;
				DEVELOPMENT_TEAM = TBXF7RJBHZ;
				GENERATE_INFOPLIST_FILE = YES;
				IPHONEOS_DEPLOYMENT_TARGET = 16.0;
				MARKETING_VERSION = 1.0;
				PRODUCT_BUNDLE_IDENTIFIER = "com.mobven.Mobven-ProjectTests";
				PRODUCT_NAME = "$(TARGET_NAME)";
				SWIFT_EMIT_LOC_STRINGS = NO;
				SWIFT_VERSION = 5.0;
				TARGETED_DEVICE_FAMILY = "1,2";
				TEST_HOST = "$(BUILT_PRODUCTS_DIR)/Mobven-Project.app/$(BUNDLE_EXECUTABLE_FOLDER_PATH)/Mobven-Project";
			};
			name = DevelopmentRelease;
		};
		FACFF17229B35B7700E6B193 /* DevelopmentDebug */ = {
			isa = XCBuildConfiguration;
			baseConfigurationReference = FACFF17529B35BF500E6B193 /* Development.xcconfig */;
			buildSettings = {
				ALWAYS_EMBED_SWIFT_STANDARD_LIBRARIES = YES;
				CODE_SIGN_STYLE = Automatic;
				CURRENT_PROJECT_VERSION = 1;
				DEVELOPMENT_TEAM = TBXF7RJBHZ;
				GENERATE_INFOPLIST_FILE = YES;
				MARKETING_VERSION = 1.0;
				PRODUCT_BUNDLE_IDENTIFIER = "com.mobven.Mobven-ProjectUITests";
				PRODUCT_NAME = "$(TARGET_NAME)";
				SWIFT_EMIT_LOC_STRINGS = NO;
				SWIFT_VERSION = 5.0;
				TARGETED_DEVICE_FAMILY = "1,2";
				TEST_TARGET_NAME = "Mobven-Project";
			};
			name = DevelopmentDebug;
		};
		FACFF17329B35B7700E6B193 /* DevelopmentRelease */ = {
			isa = XCBuildConfiguration;
			baseConfigurationReference = FACFF17529B35BF500E6B193 /* Development.xcconfig */;
			buildSettings = {
				ALWAYS_EMBED_SWIFT_STANDARD_LIBRARIES = YES;
				CODE_SIGN_STYLE = Automatic;
				CURRENT_PROJECT_VERSION = 1;
				DEVELOPMENT_TEAM = TBXF7RJBHZ;
				GENERATE_INFOPLIST_FILE = YES;
				MARKETING_VERSION = 1.0;
				PRODUCT_BUNDLE_IDENTIFIER = "com.mobven.Mobven-ProjectUITests";
				PRODUCT_NAME = "$(TARGET_NAME)";
				SWIFT_EMIT_LOC_STRINGS = NO;
				SWIFT_VERSION = 5.0;
				TARGETED_DEVICE_FAMILY = "1,2";
				TEST_TARGET_NAME = "Mobven-Project";
			};
			name = DevelopmentRelease;
		};
		FACFF17729B35CCB00E6B193 /* ProductionDebug */ = {
			isa = XCBuildConfiguration;
			baseConfigurationReference = FACFF17629B35C0100E6B193 /* Production.xcconfig */;
			buildSettings = {
				ALWAYS_SEARCH_USER_PATHS = NO;
				CLANG_ANALYZER_NONNULL = YES;
				CLANG_ANALYZER_NUMBER_OBJECT_CONVERSION = YES_AGGRESSIVE;
				CLANG_CXX_LANGUAGE_STANDARD = "gnu++20";
				CLANG_ENABLE_MODULES = YES;
				CLANG_ENABLE_OBJC_ARC = YES;
				CLANG_ENABLE_OBJC_WEAK = YES;
				CLANG_WARN_BLOCK_CAPTURE_AUTORELEASING = YES;
				CLANG_WARN_BOOL_CONVERSION = YES;
				CLANG_WARN_COMMA = YES;
				CLANG_WARN_CONSTANT_CONVERSION = YES;
				CLANG_WARN_DEPRECATED_OBJC_IMPLEMENTATIONS = YES;
				CLANG_WARN_DIRECT_OBJC_ISA_USAGE = YES_ERROR;
				CLANG_WARN_DOCUMENTATION_COMMENTS = YES;
				CLANG_WARN_EMPTY_BODY = YES;
				CLANG_WARN_ENUM_CONVERSION = YES;
				CLANG_WARN_INFINITE_RECURSION = YES;
				CLANG_WARN_INT_CONVERSION = YES;
				CLANG_WARN_NON_LITERAL_NULL_CONVERSION = YES;
				CLANG_WARN_OBJC_IMPLICIT_RETAIN_SELF = YES;
				CLANG_WARN_OBJC_LITERAL_CONVERSION = YES;
				CLANG_WARN_OBJC_ROOT_CLASS = YES_ERROR;
				CLANG_WARN_QUOTED_INCLUDE_IN_FRAMEWORK_HEADER = YES;
				CLANG_WARN_RANGE_LOOP_ANALYSIS = YES;
				CLANG_WARN_STRICT_PROTOTYPES = YES;
				CLANG_WARN_SUSPICIOUS_MOVE = YES;
				CLANG_WARN_UNGUARDED_AVAILABILITY = YES_AGGRESSIVE;
				CLANG_WARN_UNREACHABLE_CODE = YES;
				CLANG_WARN__DUPLICATE_METHOD_MATCH = YES;
				COPY_PHASE_STRIP = NO;
				DEBUG_INFORMATION_FORMAT = dwarf;
				ENABLE_STRICT_OBJC_MSGSEND = YES;
				ENABLE_TESTABILITY = YES;
				GCC_C_LANGUAGE_STANDARD = gnu11;
				GCC_DYNAMIC_NO_PIC = NO;
				GCC_NO_COMMON_BLOCKS = YES;
				GCC_OPTIMIZATION_LEVEL = 0;
				GCC_PREPROCESSOR_DEFINITIONS = (
					"DEBUG=1",
					"$(inherited)",
				);
				GCC_WARN_64_TO_32_BIT_CONVERSION = YES;
				GCC_WARN_ABOUT_RETURN_TYPE = YES_ERROR;
				GCC_WARN_UNDECLARED_SELECTOR = YES;
				GCC_WARN_UNINITIALIZED_AUTOS = YES_AGGRESSIVE;
				GCC_WARN_UNUSED_FUNCTION = YES;
				GCC_WARN_UNUSED_VARIABLE = YES;
				IPHONEOS_DEPLOYMENT_TARGET = 16.0;
				MTL_ENABLE_DEBUG_INFO = INCLUDE_SOURCE;
				MTL_FAST_MATH = YES;
				ONLY_ACTIVE_ARCH = YES;
				SDKROOT = iphoneos;
				SWIFT_ACTIVE_COMPILATION_CONDITIONS = DEBUG;
				SWIFT_OPTIMIZATION_LEVEL = "-Onone";
			};
			name = ProductionDebug;
		};
		FACFF17829B35CCB00E6B193 /* ProductionDebug */ = {
			isa = XCBuildConfiguration;
			baseConfigurationReference = FACFF17629B35C0100E6B193 /* Production.xcconfig */;
			buildSettings = {
				ASSETCATALOG_COMPILER_APPICON_NAME = AppIcon;
				ASSETCATALOG_COMPILER_GLOBAL_ACCENT_COLOR_NAME = AccentColor;
				CODE_SIGN_STYLE = Automatic;
				CURRENT_PROJECT_VERSION = 1;
				DEVELOPMENT_TEAM = TBXF7RJBHZ;
				GENERATE_INFOPLIST_FILE = YES;
				INFOPLIST_FILE = "Mobven-Project/Info.plist";
				INFOPLIST_KEY_UIApplicationSupportsIndirectInputEvents = YES;
				INFOPLIST_KEY_UILaunchStoryboardName = LaunchScreen.storyboard;
				INFOPLIST_KEY_UIMainStoryboardFile = Main;
				INFOPLIST_KEY_UISupportedInterfaceOrientations_iPad = "UIInterfaceOrientationPortrait UIInterfaceOrientationPortraitUpsideDown UIInterfaceOrientationLandscapeLeft UIInterfaceOrientationLandscapeRight";
				INFOPLIST_KEY_UISupportedInterfaceOrientations_iPhone = "UIInterfaceOrientationPortrait UIInterfaceOrientationLandscapeLeft UIInterfaceOrientationLandscapeRight";
				IPHONEOS_DEPLOYMENT_TARGET = 15.6;
				LD_RUNPATH_SEARCH_PATHS = (
					"$(inherited)",
					"@executable_path/Frameworks",
				);
				MARKETING_VERSION = 1.0;
				PRODUCT_BUNDLE_IDENTIFIER = "$(BUNDLE_ID)";
				PRODUCT_NAME = "$(APP_NAME)";
				SWIFT_EMIT_LOC_STRINGS = YES;
				SWIFT_VERSION = 5.0;
				TARGETED_DEVICE_FAMILY = "1,2";
			};
			name = ProductionDebug;
		};
		FACFF17929B35CCB00E6B193 /* ProductionDebug */ = {
			isa = XCBuildConfiguration;
			baseConfigurationReference = FACFF17629B35C0100E6B193 /* Production.xcconfig */;
			buildSettings = {
				ALWAYS_EMBED_SWIFT_STANDARD_LIBRARIES = YES;
				BUNDLE_LOADER = "$(TEST_HOST)";
				CODE_SIGN_STYLE = Automatic;
				CURRENT_PROJECT_VERSION = 1;
				DEVELOPMENT_TEAM = TBXF7RJBHZ;
				GENERATE_INFOPLIST_FILE = YES;
				IPHONEOS_DEPLOYMENT_TARGET = 16.0;
				MARKETING_VERSION = 1.0;
				PRODUCT_BUNDLE_IDENTIFIER = "com.mobven.Mobven-ProjectTests";
				PRODUCT_NAME = "$(TARGET_NAME)";
				SWIFT_EMIT_LOC_STRINGS = NO;
				SWIFT_VERSION = 5.0;
				TARGETED_DEVICE_FAMILY = "1,2";
				TEST_HOST = "$(BUILT_PRODUCTS_DIR)/Mobven-Project.app/$(BUNDLE_EXECUTABLE_FOLDER_PATH)/Mobven-Project";
			};
			name = ProductionDebug;
		};
		FACFF17A29B35CCB00E6B193 /* ProductionDebug */ = {
			isa = XCBuildConfiguration;
			baseConfigurationReference = FACFF17629B35C0100E6B193 /* Production.xcconfig */;
			buildSettings = {
				ALWAYS_EMBED_SWIFT_STANDARD_LIBRARIES = YES;
				CODE_SIGN_STYLE = Automatic;
				CURRENT_PROJECT_VERSION = 1;
				DEVELOPMENT_TEAM = TBXF7RJBHZ;
				GENERATE_INFOPLIST_FILE = YES;
				MARKETING_VERSION = 1.0;
				PRODUCT_BUNDLE_IDENTIFIER = "com.mobven.Mobven-ProjectUITests";
				PRODUCT_NAME = "$(TARGET_NAME)";
				SWIFT_EMIT_LOC_STRINGS = NO;
				SWIFT_VERSION = 5.0;
				TARGETED_DEVICE_FAMILY = "1,2";
				TEST_TARGET_NAME = "Mobven-Project";
			};
			name = ProductionDebug;
		};
		FACFF17B29B35CE200E6B193 /* ProductionRelease */ = {
			isa = XCBuildConfiguration;
			baseConfigurationReference = FACFF17629B35C0100E6B193 /* Production.xcconfig */;
			buildSettings = {
				ALWAYS_SEARCH_USER_PATHS = NO;
				CLANG_ANALYZER_NONNULL = YES;
				CLANG_ANALYZER_NUMBER_OBJECT_CONVERSION = YES_AGGRESSIVE;
				CLANG_CXX_LANGUAGE_STANDARD = "gnu++20";
				CLANG_ENABLE_MODULES = YES;
				CLANG_ENABLE_OBJC_ARC = YES;
				CLANG_ENABLE_OBJC_WEAK = YES;
				CLANG_WARN_BLOCK_CAPTURE_AUTORELEASING = YES;
				CLANG_WARN_BOOL_CONVERSION = YES;
				CLANG_WARN_COMMA = YES;
				CLANG_WARN_CONSTANT_CONVERSION = YES;
				CLANG_WARN_DEPRECATED_OBJC_IMPLEMENTATIONS = YES;
				CLANG_WARN_DIRECT_OBJC_ISA_USAGE = YES_ERROR;
				CLANG_WARN_DOCUMENTATION_COMMENTS = YES;
				CLANG_WARN_EMPTY_BODY = YES;
				CLANG_WARN_ENUM_CONVERSION = YES;
				CLANG_WARN_INFINITE_RECURSION = YES;
				CLANG_WARN_INT_CONVERSION = YES;
				CLANG_WARN_NON_LITERAL_NULL_CONVERSION = YES;
				CLANG_WARN_OBJC_IMPLICIT_RETAIN_SELF = YES;
				CLANG_WARN_OBJC_LITERAL_CONVERSION = YES;
				CLANG_WARN_OBJC_ROOT_CLASS = YES_ERROR;
				CLANG_WARN_QUOTED_INCLUDE_IN_FRAMEWORK_HEADER = YES;
				CLANG_WARN_RANGE_LOOP_ANALYSIS = YES;
				CLANG_WARN_STRICT_PROTOTYPES = YES;
				CLANG_WARN_SUSPICIOUS_MOVE = YES;
				CLANG_WARN_UNGUARDED_AVAILABILITY = YES_AGGRESSIVE;
				CLANG_WARN_UNREACHABLE_CODE = YES;
				CLANG_WARN__DUPLICATE_METHOD_MATCH = YES;
				COPY_PHASE_STRIP = NO;
				DEBUG_INFORMATION_FORMAT = "dwarf-with-dsym";
				ENABLE_NS_ASSERTIONS = NO;
				ENABLE_STRICT_OBJC_MSGSEND = YES;
				GCC_C_LANGUAGE_STANDARD = gnu11;
				GCC_NO_COMMON_BLOCKS = YES;
				GCC_WARN_64_TO_32_BIT_CONVERSION = YES;
				GCC_WARN_ABOUT_RETURN_TYPE = YES_ERROR;
				GCC_WARN_UNDECLARED_SELECTOR = YES;
				GCC_WARN_UNINITIALIZED_AUTOS = YES_AGGRESSIVE;
				GCC_WARN_UNUSED_FUNCTION = YES;
				GCC_WARN_UNUSED_VARIABLE = YES;
				IPHONEOS_DEPLOYMENT_TARGET = 16.0;
				MTL_ENABLE_DEBUG_INFO = NO;
				MTL_FAST_MATH = YES;
				SDKROOT = iphoneos;
				SWIFT_COMPILATION_MODE = wholemodule;
				SWIFT_OPTIMIZATION_LEVEL = "-O";
				VALIDATE_PRODUCT = YES;
			};
			name = ProductionRelease;
		};
		FACFF17C29B35CE200E6B193 /* ProductionRelease */ = {
			isa = XCBuildConfiguration;
			baseConfigurationReference = FACFF17629B35C0100E6B193 /* Production.xcconfig */;
			buildSettings = {
				ASSETCATALOG_COMPILER_APPICON_NAME = AppIcon;
				ASSETCATALOG_COMPILER_GLOBAL_ACCENT_COLOR_NAME = AccentColor;
				CODE_SIGN_STYLE = Automatic;
				CURRENT_PROJECT_VERSION = 1;
				DEVELOPMENT_TEAM = TBXF7RJBHZ;
				GENERATE_INFOPLIST_FILE = YES;
				INFOPLIST_FILE = "Mobven-Project/Info.plist";
				INFOPLIST_KEY_UIApplicationSupportsIndirectInputEvents = YES;
				INFOPLIST_KEY_UILaunchStoryboardName = LaunchScreen.storyboard;
				INFOPLIST_KEY_UIMainStoryboardFile = Main;
				INFOPLIST_KEY_UISupportedInterfaceOrientations_iPad = "UIInterfaceOrientationPortrait UIInterfaceOrientationPortraitUpsideDown UIInterfaceOrientationLandscapeLeft UIInterfaceOrientationLandscapeRight";
				INFOPLIST_KEY_UISupportedInterfaceOrientations_iPhone = "UIInterfaceOrientationPortrait UIInterfaceOrientationLandscapeLeft UIInterfaceOrientationLandscapeRight";
				IPHONEOS_DEPLOYMENT_TARGET = 15.6;
				LD_RUNPATH_SEARCH_PATHS = (
					"$(inherited)",
					"@executable_path/Frameworks",
				);
				MARKETING_VERSION = 1.0;
				PRODUCT_BUNDLE_IDENTIFIER = "$(BUNDLE_ID)";
				PRODUCT_NAME = "$(APP_NAME)";
				SWIFT_EMIT_LOC_STRINGS = YES;
				SWIFT_VERSION = 5.0;
				TARGETED_DEVICE_FAMILY = "1,2";
			};
			name = ProductionRelease;
		};
		FACFF17D29B35CE200E6B193 /* ProductionRelease */ = {
			isa = XCBuildConfiguration;
			baseConfigurationReference = FACFF17629B35C0100E6B193 /* Production.xcconfig */;
			buildSettings = {
				ALWAYS_EMBED_SWIFT_STANDARD_LIBRARIES = YES;
				BUNDLE_LOADER = "$(TEST_HOST)";
				CODE_SIGN_STYLE = Automatic;
				CURRENT_PROJECT_VERSION = 1;
				DEVELOPMENT_TEAM = TBXF7RJBHZ;
				GENERATE_INFOPLIST_FILE = YES;
				IPHONEOS_DEPLOYMENT_TARGET = 16.0;
				MARKETING_VERSION = 1.0;
				PRODUCT_BUNDLE_IDENTIFIER = "com.mobven.Mobven-ProjectTests";
				PRODUCT_NAME = "$(TARGET_NAME)";
				SWIFT_EMIT_LOC_STRINGS = NO;
				SWIFT_VERSION = 5.0;
				TARGETED_DEVICE_FAMILY = "1,2";
				TEST_HOST = "$(BUILT_PRODUCTS_DIR)/Mobven-Project.app/$(BUNDLE_EXECUTABLE_FOLDER_PATH)/Mobven-Project";
			};
			name = ProductionRelease;
		};
		FACFF17E29B35CE200E6B193 /* ProductionRelease */ = {
			isa = XCBuildConfiguration;
			baseConfigurationReference = FACFF17629B35C0100E6B193 /* Production.xcconfig */;
			buildSettings = {
				ALWAYS_EMBED_SWIFT_STANDARD_LIBRARIES = YES;
				CODE_SIGN_STYLE = Automatic;
				CURRENT_PROJECT_VERSION = 1;
				DEVELOPMENT_TEAM = TBXF7RJBHZ;
				GENERATE_INFOPLIST_FILE = YES;
				MARKETING_VERSION = 1.0;
				PRODUCT_BUNDLE_IDENTIFIER = "com.mobven.Mobven-ProjectUITests";
				PRODUCT_NAME = "$(TARGET_NAME)";
				SWIFT_EMIT_LOC_STRINGS = NO;
				SWIFT_VERSION = 5.0;
				TARGETED_DEVICE_FAMILY = "1,2";
				TEST_TARGET_NAME = "Mobven-Project";
			};
			name = ProductionRelease;
		};
/* End XCBuildConfiguration section */

/* Begin XCConfigurationList section */
		FACFF13C29B35B7400E6B193 /* Build configuration list for PBXProject "Mobven-Project" */ = {
			isa = XCConfigurationList;
			buildConfigurations = (
				FACFF16929B35B7700E6B193 /* DevelopmentDebug */,
				FACFF17729B35CCB00E6B193 /* ProductionDebug */,
				FACFF16A29B35B7700E6B193 /* DevelopmentRelease */,
				FACFF17B29B35CE200E6B193 /* ProductionRelease */,
			);
			defaultConfigurationIsVisible = 0;
			defaultConfigurationName = DevelopmentRelease;
		};
		FACFF16B29B35B7700E6B193 /* Build configuration list for PBXNativeTarget "Mobven-Project" */ = {
			isa = XCConfigurationList;
			buildConfigurations = (
				FACFF16C29B35B7700E6B193 /* DevelopmentDebug */,
				FACFF17829B35CCB00E6B193 /* ProductionDebug */,
				FACFF16D29B35B7700E6B193 /* DevelopmentRelease */,
				FACFF17C29B35CE200E6B193 /* ProductionRelease */,
			);
			defaultConfigurationIsVisible = 0;
			defaultConfigurationName = DevelopmentRelease;
		};
		FACFF16E29B35B7700E6B193 /* Build configuration list for PBXNativeTarget "Mobven-ProjectTests" */ = {
			isa = XCConfigurationList;
			buildConfigurations = (
				FACFF16F29B35B7700E6B193 /* DevelopmentDebug */,
				FACFF17929B35CCB00E6B193 /* ProductionDebug */,
				FACFF17029B35B7700E6B193 /* DevelopmentRelease */,
				FACFF17D29B35CE200E6B193 /* ProductionRelease */,
			);
			defaultConfigurationIsVisible = 0;
			defaultConfigurationName = DevelopmentRelease;
		};
		FACFF17129B35B7700E6B193 /* Build configuration list for PBXNativeTarget "Mobven-ProjectUITests" */ = {
			isa = XCConfigurationList;
			buildConfigurations = (
				FACFF17229B35B7700E6B193 /* DevelopmentDebug */,
				FACFF17A29B35CCB00E6B193 /* ProductionDebug */,
				FACFF17329B35B7700E6B193 /* DevelopmentRelease */,
				FACFF17E29B35CE200E6B193 /* ProductionRelease */,
			);
			defaultConfigurationIsVisible = 0;
			defaultConfigurationName = DevelopmentRelease;
		};
/* End XCConfigurationList section */
	};
	rootObject = FACFF13929B35B7400E6B193 /* Project object */;
}
